
Microsoft Visual Studio Solution File, Format Version 12.00
# Visual Studio 14
VisualStudioVersion = 14.0.25420.1
MinimumVisualStudioVersion = 10.0.40219.1
Project("{8BC9CEB8-8B4A-11D0-8D11-00A0C91BC942}") = "libaten", "libaten.vcxproj", "{393C16ED-D331-4C42-B02A-4ECC84979166}"
EndProject
Project("{8BC9CEB8-8B4A-11D0-8D11-00A0C91BC942}") = "appaten", "appaten.vcxproj", "{C55C3B42-D7EC-4569-ACDF-19EC5D71FB7C}"
	ProjectSection(ProjectDependencies) = postProject
		{0191D96F-E987-4FDD-9D7A-934931E22B43} = {0191D96F-E987-4FDD-9D7A-934931E22B43}
		{393C16ED-D331-4C42-B02A-4ECC84979166} = {393C16ED-D331-4C42-B02A-4ECC84979166}
	EndProjectSection
EndProject
Project("{8BC9CEB8-8B4A-11D0-8D11-00A0C91BC942}") = "libatenscene", "libatenscene.vcxproj", "{0191D96F-E987-4FDD-9D7A-934931E22B43}"
EndProject
Project("{8BC9CEB8-8B4A-11D0-8D11-00A0C91BC942}") = "atentest", "atentest.vcxproj", "{21BAF82D-D001-4436-92C3-557950A0B496}"
	ProjectSection(ProjectDependencies) = postProject
		{0191D96F-E987-4FDD-9D7A-934931E22B43} = {0191D96F-E987-4FDD-9D7A-934931E22B43}
		{393C16ED-D331-4C42-B02A-4ECC84979166} = {393C16ED-D331-4C42-B02A-4ECC84979166}
	EndProjectSection
EndProject
Project("{8BC9CEB8-8B4A-11D0-8D11-00A0C91BC942}") = "libidaten", "libidaten.vcxproj", "{F1F65E75-E655-449E-8115-186423D33147}"
EndProject
Project("{8BC9CEB8-8B4A-11D0-8D11-00A0C91BC942}") = "idatentest", "idatentest.vcxproj", "{8E4E5656-02DA-4013-94C8-671191EB4B87}"
	ProjectSection(ProjectDependencies) = postProject
		{0191D96F-E987-4FDD-9D7A-934931E22B43} = {0191D96F-E987-4FDD-9D7A-934931E22B43}
		{F1F65E75-E655-449E-8115-186423D33147} = {F1F65E75-E655-449E-8115-186423D33147}
		{393C16ED-D331-4C42-B02A-4ECC84979166} = {393C16ED-D331-4C42-B02A-4ECC84979166}
	EndProjectSection
EndProject
Project("{8BC9CEB8-8B4A-11D0-8D11-00A0C91BC942}") = "svgftest", "svgftest.vcxproj", "{A913CD5C-95E0-4AB9-A0A6-DDAE9F7705A3}"
	ProjectSection(ProjectDependencies) = postProject
		{0191D96F-E987-4FDD-9D7A-934931E22B43} = {0191D96F-E987-4FDD-9D7A-934931E22B43}
		{F1F65E75-E655-449E-8115-186423D33147} = {F1F65E75-E655-449E-8115-186423D33147}
		{393C16ED-D331-4C42-B02A-4ECC84979166} = {393C16ED-D331-4C42-B02A-4ECC84979166}
	EndProjectSection
EndProject
Project("{2150E333-8FDC-42A3-9474-1A3956D46DE8}") = "lib", "lib", "{57B6F956-6DB0-4D4F-8AED-3D6C4E38E674}"
EndProject
Project("{8BC9CEB8-8B4A-11D0-8D11-00A0C91BC942}") = "ssrt", "ssrt.vcxproj", "{12E8E56D-601B-4D78-AA0A-F0BEE26E0E4A}"
	ProjectSection(ProjectDependencies) = postProject
		{0191D96F-E987-4FDD-9D7A-934931E22B43} = {0191D96F-E987-4FDD-9D7A-934931E22B43}
		{F1F65E75-E655-449E-8115-186423D33147} = {F1F65E75-E655-449E-8115-186423D33147}
		{393C16ED-D331-4C42-B02A-4ECC84979166} = {393C16ED-D331-4C42-B02A-4ECC84979166}
	EndProjectSection
EndProject
Project("{2150E333-8FDC-42A3-9474-1A3956D46DE8}") = "tool", "tool", "{FEC6D806-4AB6-466C-9A07-BA5837A5E8D9}"
EndProject
Project("{8BC9CEB8-8B4A-11D0-8D11-00A0C91BC942}") = "SbvhBuilder", "SbvhBuilder.vcxproj", "{3C5AA065-2D55-46BC-A08D-903F7A6CF7A8}"
	ProjectSection(ProjectDependencies) = postProject
		{0191D96F-E987-4FDD-9D7A-934931E22B43} = {0191D96F-E987-4FDD-9D7A-934931E22B43}
		{393C16ED-D331-4C42-B02A-4ECC84979166} = {393C16ED-D331-4C42-B02A-4ECC84979166}
	EndProjectSection
EndProject
Project("{8BC9CEB8-8B4A-11D0-8D11-00A0C91BC942}") = "LodMaker", "LodMaker.vcxproj", "{694E9288-666D-454E-ABE3-836C3C65F733}"
	ProjectSection(ProjectDependencies) = postProject
		{0191D96F-E987-4FDD-9D7A-934931E22B43} = {0191D96F-E987-4FDD-9D7A-934931E22B43}
		{393C16ED-D331-4C42-B02A-4ECC84979166} = {393C16ED-D331-4C42-B02A-4ECC84979166}
	EndProjectSection
EndProject
Project("{8BC9CEB8-8B4A-11D0-8D11-00A0C91BC942}") = "VoxelViewer", "VoxelViewer.vcxproj", "{3E3AE651-5D5D-4B7F-B94C-EFF0361E2D89}"
	ProjectSection(ProjectDependencies) = postProject
		{0191D96F-E987-4FDD-9D7A-934931E22B43} = {0191D96F-E987-4FDD-9D7A-934931E22B43}
		{393C16ED-D331-4C42-B02A-4ECC84979166} = {393C16ED-D331-4C42-B02A-4ECC84979166}
	EndProjectSection
EndProject
Global
	GlobalSection(SolutionConfigurationPlatforms) = preSolution
		Debug|x64 = Debug|x64
		Debug|x86 = Debug|x86
		Profile|x64 = Profile|x64
		Profile|x86 = Profile|x86
		Release|x64 = Release|x64
		Release|x86 = Release|x86
	EndGlobalSection
	GlobalSection(ProjectConfigurationPlatforms) = postSolution
		{393C16ED-D331-4C42-B02A-4ECC84979166}.Debug|x64.ActiveCfg = Debug|x64
		{393C16ED-D331-4C42-B02A-4ECC84979166}.Debug|x64.Build.0 = Debug|x64
		{393C16ED-D331-4C42-B02A-4ECC84979166}.Debug|x86.ActiveCfg = Debug|Win32
		{393C16ED-D331-4C42-B02A-4ECC84979166}.Debug|x86.Build.0 = Debug|Win32
		{393C16ED-D331-4C42-B02A-4ECC84979166}.Profile|x64.ActiveCfg = Profile|x64
		{393C16ED-D331-4C42-B02A-4ECC84979166}.Profile|x64.Build.0 = Profile|x64
		{393C16ED-D331-4C42-B02A-4ECC84979166}.Profile|x86.ActiveCfg = Profile|Win32
		{393C16ED-D331-4C42-B02A-4ECC84979166}.Profile|x86.Build.0 = Profile|Win32
		{393C16ED-D331-4C42-B02A-4ECC84979166}.Release|x64.ActiveCfg = Release|x64
		{393C16ED-D331-4C42-B02A-4ECC84979166}.Release|x64.Build.0 = Release|x64
		{393C16ED-D331-4C42-B02A-4ECC84979166}.Release|x86.ActiveCfg = Release|Win32
		{393C16ED-D331-4C42-B02A-4ECC84979166}.Release|x86.Build.0 = Release|Win32
		{C55C3B42-D7EC-4569-ACDF-19EC5D71FB7C}.Debug|x64.ActiveCfg = Debug|x64
		{C55C3B42-D7EC-4569-ACDF-19EC5D71FB7C}.Debug|x64.Build.0 = Debug|x64
		{C55C3B42-D7EC-4569-ACDF-19EC5D71FB7C}.Debug|x86.ActiveCfg = Debug|Win32
		{C55C3B42-D7EC-4569-ACDF-19EC5D71FB7C}.Debug|x86.Build.0 = Debug|Win32
		{C55C3B42-D7EC-4569-ACDF-19EC5D71FB7C}.Profile|x64.ActiveCfg = Profile|x64
		{C55C3B42-D7EC-4569-ACDF-19EC5D71FB7C}.Profile|x64.Build.0 = Profile|x64
		{C55C3B42-D7EC-4569-ACDF-19EC5D71FB7C}.Profile|x86.ActiveCfg = Profile|Win32
		{C55C3B42-D7EC-4569-ACDF-19EC5D71FB7C}.Profile|x86.Build.0 = Profile|Win32
		{C55C3B42-D7EC-4569-ACDF-19EC5D71FB7C}.Release|x64.ActiveCfg = Release|x64
		{C55C3B42-D7EC-4569-ACDF-19EC5D71FB7C}.Release|x64.Build.0 = Release|x64
		{C55C3B42-D7EC-4569-ACDF-19EC5D71FB7C}.Release|x86.ActiveCfg = Release|Win32
		{C55C3B42-D7EC-4569-ACDF-19EC5D71FB7C}.Release|x86.Build.0 = Release|Win32
		{0191D96F-E987-4FDD-9D7A-934931E22B43}.Debug|x64.ActiveCfg = Debug|x64
		{0191D96F-E987-4FDD-9D7A-934931E22B43}.Debug|x64.Build.0 = Debug|x64
		{0191D96F-E987-4FDD-9D7A-934931E22B43}.Debug|x86.ActiveCfg = Debug|Win32
		{0191D96F-E987-4FDD-9D7A-934931E22B43}.Debug|x86.Build.0 = Debug|Win32
		{0191D96F-E987-4FDD-9D7A-934931E22B43}.Profile|x64.ActiveCfg = Profile|x64
		{0191D96F-E987-4FDD-9D7A-934931E22B43}.Profile|x64.Build.0 = Profile|x64
		{0191D96F-E987-4FDD-9D7A-934931E22B43}.Profile|x86.ActiveCfg = Profile|Win32
		{0191D96F-E987-4FDD-9D7A-934931E22B43}.Profile|x86.Build.0 = Profile|Win32
		{0191D96F-E987-4FDD-9D7A-934931E22B43}.Release|x64.ActiveCfg = Release|x64
		{0191D96F-E987-4FDD-9D7A-934931E22B43}.Release|x64.Build.0 = Release|x64
		{0191D96F-E987-4FDD-9D7A-934931E22B43}.Release|x86.ActiveCfg = Release|Win32
		{0191D96F-E987-4FDD-9D7A-934931E22B43}.Release|x86.Build.0 = Release|Win32
		{21BAF82D-D001-4436-92C3-557950A0B496}.Debug|x64.ActiveCfg = Debug|x64
		{21BAF82D-D001-4436-92C3-557950A0B496}.Debug|x64.Build.0 = Debug|x64
		{21BAF82D-D001-4436-92C3-557950A0B496}.Debug|x86.ActiveCfg = Debug|Win32
		{21BAF82D-D001-4436-92C3-557950A0B496}.Debug|x86.Build.0 = Debug|Win32
		{21BAF82D-D001-4436-92C3-557950A0B496}.Profile|x64.ActiveCfg = Profile|x64
		{21BAF82D-D001-4436-92C3-557950A0B496}.Profile|x64.Build.0 = Profile|x64
		{21BAF82D-D001-4436-92C3-557950A0B496}.Profile|x86.ActiveCfg = Profile|Win32
		{21BAF82D-D001-4436-92C3-557950A0B496}.Profile|x86.Build.0 = Profile|Win32
		{21BAF82D-D001-4436-92C3-557950A0B496}.Release|x64.ActiveCfg = Release|x64
		{21BAF82D-D001-4436-92C3-557950A0B496}.Release|x64.Build.0 = Release|x64
		{21BAF82D-D001-4436-92C3-557950A0B496}.Release|x86.ActiveCfg = Release|Win32
		{21BAF82D-D001-4436-92C3-557950A0B496}.Release|x86.Build.0 = Release|Win32
		{F1F65E75-E655-449E-8115-186423D33147}.Debug|x64.ActiveCfg = Debug|x64
		{F1F65E75-E655-449E-8115-186423D33147}.Debug|x64.Build.0 = Debug|x64
		{F1F65E75-E655-449E-8115-186423D33147}.Debug|x86.ActiveCfg = Debug|Win32
		{F1F65E75-E655-449E-8115-186423D33147}.Debug|x86.Build.0 = Debug|Win32
		{F1F65E75-E655-449E-8115-186423D33147}.Profile|x64.ActiveCfg = Profile|x64
		{F1F65E75-E655-449E-8115-186423D33147}.Profile|x64.Build.0 = Profile|x64
		{F1F65E75-E655-449E-8115-186423D33147}.Profile|x86.ActiveCfg = Profile|Win32
		{F1F65E75-E655-449E-8115-186423D33147}.Profile|x86.Build.0 = Profile|Win32
		{F1F65E75-E655-449E-8115-186423D33147}.Release|x64.ActiveCfg = Release|x64
		{F1F65E75-E655-449E-8115-186423D33147}.Release|x64.Build.0 = Release|x64
		{F1F65E75-E655-449E-8115-186423D33147}.Release|x86.ActiveCfg = Release|Win32
		{F1F65E75-E655-449E-8115-186423D33147}.Release|x86.Build.0 = Release|Win32
		{8E4E5656-02DA-4013-94C8-671191EB4B87}.Debug|x64.ActiveCfg = Debug|x64
		{8E4E5656-02DA-4013-94C8-671191EB4B87}.Debug|x64.Build.0 = Debug|x64
		{8E4E5656-02DA-4013-94C8-671191EB4B87}.Debug|x86.ActiveCfg = Debug|Win32
		{8E4E5656-02DA-4013-94C8-671191EB4B87}.Debug|x86.Build.0 = Debug|Win32
		{8E4E5656-02DA-4013-94C8-671191EB4B87}.Profile|x64.ActiveCfg = Profile|x64
		{8E4E5656-02DA-4013-94C8-671191EB4B87}.Profile|x64.Build.0 = Profile|x64
		{8E4E5656-02DA-4013-94C8-671191EB4B87}.Profile|x86.ActiveCfg = Profile|Win32
		{8E4E5656-02DA-4013-94C8-671191EB4B87}.Profile|x86.Build.0 = Profile|Win32
		{8E4E5656-02DA-4013-94C8-671191EB4B87}.Release|x64.ActiveCfg = Release|x64
		{8E4E5656-02DA-4013-94C8-671191EB4B87}.Release|x64.Build.0 = Release|x64
		{8E4E5656-02DA-4013-94C8-671191EB4B87}.Release|x86.ActiveCfg = Release|Win32
		{8E4E5656-02DA-4013-94C8-671191EB4B87}.Release|x86.Build.0 = Release|Win32
		{A913CD5C-95E0-4AB9-A0A6-DDAE9F7705A3}.Debug|x64.ActiveCfg = Debug|x64
		{A913CD5C-95E0-4AB9-A0A6-DDAE9F7705A3}.Debug|x64.Build.0 = Debug|x64
		{A913CD5C-95E0-4AB9-A0A6-DDAE9F7705A3}.Debug|x86.ActiveCfg = Debug|Win32
		{A913CD5C-95E0-4AB9-A0A6-DDAE9F7705A3}.Debug|x86.Build.0 = Debug|Win32
		{A913CD5C-95E0-4AB9-A0A6-DDAE9F7705A3}.Profile|x64.ActiveCfg = Profile|x64
		{A913CD5C-95E0-4AB9-A0A6-DDAE9F7705A3}.Profile|x64.Build.0 = Profile|x64
		{A913CD5C-95E0-4AB9-A0A6-DDAE9F7705A3}.Profile|x86.ActiveCfg = Profile|Win32
		{A913CD5C-95E0-4AB9-A0A6-DDAE9F7705A3}.Profile|x86.Build.0 = Profile|Win32
		{A913CD5C-95E0-4AB9-A0A6-DDAE9F7705A3}.Release|x64.ActiveCfg = Release|x64
		{A913CD5C-95E0-4AB9-A0A6-DDAE9F7705A3}.Release|x64.Build.0 = Release|x64
		{A913CD5C-95E0-4AB9-A0A6-DDAE9F7705A3}.Release|x86.ActiveCfg = Release|Win32
		{A913CD5C-95E0-4AB9-A0A6-DDAE9F7705A3}.Release|x86.Build.0 = Release|Win32
		{12E8E56D-601B-4D78-AA0A-F0BEE26E0E4A}.Debug|x64.ActiveCfg = Debug|x64
		{12E8E56D-601B-4D78-AA0A-F0BEE26E0E4A}.Debug|x64.Build.0 = Debug|x64
		{12E8E56D-601B-4D78-AA0A-F0BEE26E0E4A}.Debug|x86.ActiveCfg = Debug|Win32
		{12E8E56D-601B-4D78-AA0A-F0BEE26E0E4A}.Debug|x86.Build.0 = Debug|Win32
		{12E8E56D-601B-4D78-AA0A-F0BEE26E0E4A}.Profile|x64.ActiveCfg = Profile|x64
		{12E8E56D-601B-4D78-AA0A-F0BEE26E0E4A}.Profile|x64.Build.0 = Profile|x64
		{12E8E56D-601B-4D78-AA0A-F0BEE26E0E4A}.Profile|x86.ActiveCfg = Profile|Win32
		{12E8E56D-601B-4D78-AA0A-F0BEE26E0E4A}.Profile|x86.Build.0 = Profile|Win32
		{12E8E56D-601B-4D78-AA0A-F0BEE26E0E4A}.Release|x64.ActiveCfg = Release|x64
		{12E8E56D-601B-4D78-AA0A-F0BEE26E0E4A}.Release|x64.Build.0 = Release|x64
		{12E8E56D-601B-4D78-AA0A-F0BEE26E0E4A}.Release|x86.ActiveCfg = Release|Win32
		{12E8E56D-601B-4D78-AA0A-F0BEE26E0E4A}.Release|x86.Build.0 = Release|Win32
		{3C5AA065-2D55-46BC-A08D-903F7A6CF7A8}.Debug|x64.ActiveCfg = Debug|x64
		{3C5AA065-2D55-46BC-A08D-903F7A6CF7A8}.Debug|x64.Build.0 = Debug|x64
		{3C5AA065-2D55-46BC-A08D-903F7A6CF7A8}.Debug|x86.ActiveCfg = Debug|Win32
		{3C5AA065-2D55-46BC-A08D-903F7A6CF7A8}.Debug|x86.Build.0 = Debug|Win32
		{3C5AA065-2D55-46BC-A08D-903F7A6CF7A8}.Profile|x64.ActiveCfg = Profile|x64
		{3C5AA065-2D55-46BC-A08D-903F7A6CF7A8}.Profile|x64.Build.0 = Profile|x64
		{3C5AA065-2D55-46BC-A08D-903F7A6CF7A8}.Profile|x86.ActiveCfg = Profile|Win32
		{3C5AA065-2D55-46BC-A08D-903F7A6CF7A8}.Profile|x86.Build.0 = Profile|Win32
		{3C5AA065-2D55-46BC-A08D-903F7A6CF7A8}.Release|x64.ActiveCfg = Release|x64
		{3C5AA065-2D55-46BC-A08D-903F7A6CF7A8}.Release|x64.Build.0 = Release|x64
		{3C5AA065-2D55-46BC-A08D-903F7A6CF7A8}.Release|x86.ActiveCfg = Release|Win32
		{3C5AA065-2D55-46BC-A08D-903F7A6CF7A8}.Release|x86.Build.0 = Release|Win32
		{694E9288-666D-454E-ABE3-836C3C65F733}.Debug|x64.ActiveCfg = Debug|x64
		{694E9288-666D-454E-ABE3-836C3C65F733}.Debug|x64.Build.0 = Debug|x64
		{694E9288-666D-454E-ABE3-836C3C65F733}.Debug|x86.ActiveCfg = Debug|Win32
		{694E9288-666D-454E-ABE3-836C3C65F733}.Debug|x86.Build.0 = Debug|Win32
		{694E9288-666D-454E-ABE3-836C3C65F733}.Profile|x64.ActiveCfg = Profile|x64
		{694E9288-666D-454E-ABE3-836C3C65F733}.Profile|x64.Build.0 = Profile|x64
		{694E9288-666D-454E-ABE3-836C3C65F733}.Profile|x86.ActiveCfg = Profile|Win32
		{694E9288-666D-454E-ABE3-836C3C65F733}.Profile|x86.Build.0 = Profile|Win32
		{694E9288-666D-454E-ABE3-836C3C65F733}.Release|x64.ActiveCfg = Release|x64
		{694E9288-666D-454E-ABE3-836C3C65F733}.Release|x64.Build.0 = Release|x64
		{694E9288-666D-454E-ABE3-836C3C65F733}.Release|x86.ActiveCfg = Release|Win32
		{694E9288-666D-454E-ABE3-836C3C65F733}.Release|x86.Build.0 = Release|Win32
		{3E3AE651-5D5D-4B7F-B94C-EFF0361E2D89}.Debug|x64.ActiveCfg = Debug|x64
		{3E3AE651-5D5D-4B7F-B94C-EFF0361E2D89}.Debug|x64.Build.0 = Debug|x64
		{3E3AE651-5D5D-4B7F-B94C-EFF0361E2D89}.Debug|x86.ActiveCfg = Debug|Win32
		{3E3AE651-5D5D-4B7F-B94C-EFF0361E2D89}.Debug|x86.Build.0 = Debug|Win32
		{3E3AE651-5D5D-4B7F-B94C-EFF0361E2D89}.Profile|x64.ActiveCfg = Profile|x64
		{3E3AE651-5D5D-4B7F-B94C-EFF0361E2D89}.Profile|x64.Build.0 = Profile|x64
		{3E3AE651-5D5D-4B7F-B94C-EFF0361E2D89}.Profile|x86.ActiveCfg = Profile|Win32
		{3E3AE651-5D5D-4B7F-B94C-EFF0361E2D89}.Profile|x86.Build.0 = Profile|Win32
		{3E3AE651-5D5D-4B7F-B94C-EFF0361E2D89}.Release|x64.ActiveCfg = Release|x64
		{3E3AE651-5D5D-4B7F-B94C-EFF0361E2D89}.Release|x64.Build.0 = Release|x64
		{3E3AE651-5D5D-4B7F-B94C-EFF0361E2D89}.Release|x86.ActiveCfg = Release|Win32
		{3E3AE651-5D5D-4B7F-B94C-EFF0361E2D89}.Release|x86.Build.0 = Release|Win32
	EndGlobalSection
	GlobalSection(SolutionProperties) = preSolution
		HideSolutionNode = FALSE
	EndGlobalSection
	GlobalSection(NestedProjects) = preSolution
		{393C16ED-D331-4C42-B02A-4ECC84979166} = {57B6F956-6DB0-4D4F-8AED-3D6C4E38E674}
		{0191D96F-E987-4FDD-9D7A-934931E22B43} = {57B6F956-6DB0-4D4F-8AED-3D6C4E38E674}
		{F1F65E75-E655-449E-8115-186423D33147} = {57B6F956-6DB0-4D4F-8AED-3D6C4E38E674}
		{3C5AA065-2D55-46BC-A08D-903F7A6CF7A8} = {FEC6D806-4AB6-466C-9A07-BA5837A5E8D9}
		{694E9288-666D-454E-ABE3-836C3C65F733} = {FEC6D806-4AB6-466C-9A07-BA5837A5E8D9}
		{3E3AE651-5D5D-4B7F-B94C-EFF0361E2D89} = {FEC6D806-4AB6-466C-9A07-BA5837A5E8D9}
	EndGlobalSection
EndGlobal
