<?xml version="1.0" encoding="utf-8"?>
<Project ToolsVersion="4.0" xmlns="http://schemas.microsoft.com/developer/msbuild/2003">
  <ItemGroup>
    <Filter Include="fbx">
      <UniqueIdentifier>{56caa204-133f-4d15-92b8-6959d87f3715}</UniqueIdentifier>
    </Filter>
    <Filter Include="converter">
      <UniqueIdentifier>{ad3f060a-d36d-479f-95c1-b5e15e592727}</UniqueIdentifier>
    </Filter>
    <Filter Include="tinyxml2">
      <UniqueIdentifier>{c33df2ae-e9c0-40b5-9761-ac402fa86455}</UniqueIdentifier>
    </Filter>
  </ItemGroup>
  <ItemGroup>
    <ClCompile Include="..\src\FbxConverter\FbxDataManager.cpp">
      <Filter>fbx</Filter>
    </ClCompile>
    <ClCompile Include="..\src\FbxConverter\FbxImporter.cpp">
      <Filter>fbx</Filter>
    </ClCompile>
    <ClCompile Include="..\src\FbxConverter\AnmExporter.cpp">
      <Filter>converter</Filter>
    </ClCompile>
    <ClCompile Include="..\src\FbxConverter\GeometryChunk.cpp">
      <Filter>converter</Filter>
    </ClCompile>
    <ClCompile Include="..\src\FbxConverter\GeometryCommon.cpp">
      <Filter>converter</Filter>
    </ClCompile>
    <ClCompile Include="..\src\FbxConverter\MdlExporter.cpp">
      <Filter>converter</Filter>
    </ClCompile>
    <ClCompile Include="..\src\FbxConverter\MtrlExporter.cpp">
      <Filter>converter</Filter>
    </ClCompile>
    <ClCompile Include="..\src\FbxConverter\JointChunk.cpp">
      <Filter>converter</Filter>
    </ClCompile>
    <ClCompile Include="..\3rdparty\tinyxml2\tinyxml2.cpp">
      <Filter>tinyxml2</Filter>
    </ClCompile>
    <ClCompile Include="..\src\FbxConverter\main.cpp" />
  </ItemGroup>
  <ItemGroup>
    <ClInclude Include="..\src\FbxConverter\FbxDataManager.h">
      <Filter>fbx</Filter>
    </ClInclude>
    <ClInclude Include="..\src\FbxConverter\FbxImporter.h">
      <Filter>fbx</Filter>
    </ClInclude>
    <ClInclude Include="..\src\FbxConverter\AnmExporter.h">
      <Filter>converter</Filter>
    </ClInclude>
    <ClInclude Include="..\src\FbxConverter\GeometryChunk.h">
      <Filter>converter</Filter>
    </ClInclude>
    <ClInclude Include="..\src\FbxConverter\GeometryCommon.h">
      <Filter>converter</Filter>
    </ClInclude>
    <ClInclude Include="..\src\FbxConverter\MdlExporter.h">
      <Filter>converter</Filter>
    </ClInclude>
    <ClInclude Include="..\src\FbxConverter\MtrlExporter.h">
      <Filter>converter</Filter>
    </ClInclude>
    <ClInclude Include="..\src\FbxConverter\JointChunk.h">
      <Filter>converter</Filter>
    </ClInclude>
    <ClInclude Include="..\src\FbxConverter\FileOutputStream.h" />
    <ClInclude Include="..\3rdparty\tinyxml2\tinyxml2.h">
      <Filter>tinyxml2</Filter>
    </ClInclude>
  </ItemGroup>
</Project>