<?xml version="1.0" encoding="utf-8"?>
<Project ToolsVersion="4.0" xmlns="http://schemas.microsoft.com/developer/msbuild/2003">
  <ItemGroup>
    <ClInclude Include="..\src\libidaten\cuda\cudainit.h">
      <Filter>cuda</Filter>
    </ClInclude>
    <ClInclude Include="..\src\libidaten\cuda\cudamemory.h">
      <Filter>cuda</Filter>
    </ClInclude>
    <ClInclude Include="..\src\libidaten\cuda\cudautil.h">
      <Filter>cuda</Filter>
    </ClInclude>
    <ClInclude Include="..\src\libidaten\idaten.h" />
    <ClInclude Include="..\src\libidaten\kernel\raytracing.h">
      <Filter>kernel</Filter>
    </ClInclude>
    <ClInclude Include="..\src\libidaten\cuda\helper_math.h">
      <Filter>cuda</Filter>
    </ClInclude>
    <ClInclude Include="..\src\libaten\light\directionallight.h">
      <Filter>aten\light</Filter>
    </ClInclude>
    <ClInclude Include="..\src\libaten\light\ibl.h">
      <Filter>aten\light</Filter>
    </ClInclude>
    <ClInclude Include="..\src\libaten\light\light.h">
      <Filter>aten\light</Filter>
    </ClInclude>
    <ClInclude Include="..\src\libaten\light\pointlight.h">
      <Filter>aten\light</Filter>
    </ClInclude>
    <ClInclude Include="..\src\libaten\light\spotlight.h">
      <Filter>aten\light</Filter>
    </ClInclude>
    <ClInclude Include="..\src\libaten\light\arealight.h">
      <Filter>aten\light</Filter>
    </ClInclude>
    <ClInclude Include="..\src\libaten\material\ggx.h">
      <Filter>aten\material</Filter>
    </ClInclude>
    <ClInclude Include="..\src\libaten\material\lambert.h">
      <Filter>aten\material</Filter>
    </ClInclude>
    <ClInclude Include="..\src\libaten\material\material.h">
      <Filter>aten\material</Filter>
    </ClInclude>
    <ClInclude Include="..\src\libaten\material\oren_nayar.h">
      <Filter>aten\material</Filter>
    </ClInclude>
    <ClInclude Include="..\src\libaten\material\refraction.h">
      <Filter>aten\material</Filter>
    </ClInclude>
    <ClInclude Include="..\src\libaten\material\specular.h">
      <Filter>aten\material</Filter>
    </ClInclude>
    <ClInclude Include="..\src\libaten\material\beckman.h">
      <Filter>aten\material</Filter>
    </ClInclude>
    <ClInclude Include="..\src\libaten\material\blinn.h">
      <Filter>aten\material</Filter>
    </ClInclude>
    <ClInclude Include="..\src\libaten\material\emissive.h">
      <Filter>aten\material</Filter>
    </ClInclude>
    <ClInclude Include="..\src\libaten\math\mat4.h">
      <Filter>aten\math</Filter>
    </ClInclude>
    <ClInclude Include="..\src\libaten\math\math.h">
      <Filter>aten\math</Filter>
    </ClInclude>
    <ClInclude Include="..\src\libaten\math\ray.h">
      <Filter>aten\math</Filter>
    </ClInclude>
    <ClInclude Include="..\src\libaten\math\vec3.h">
      <Filter>aten\math</Filter>
    </ClInclude>
    <ClInclude Include="..\src\libaten\math\vec4.h">
      <Filter>aten\math</Filter>
    </ClInclude>
    <ClInclude Include="..\src\libaten\math\intersect.h">
      <Filter>aten\math</Filter>
    </ClInclude>
    <ClInclude Include="..\src\libaten\defs.h">
      <Filter>aten</Filter>
    </ClInclude>
    <ClInclude Include="..\src\libaten\types.h">
      <Filter>aten</Filter>
    </ClInclude>
    <ClInclude Include="..\src\libaten\scene\hitable.h">
      <Filter>aten\scene</Filter>
    </ClInclude>
    <ClInclude Include="..\src\libaten\scene\scene.h">
      <Filter>aten\scene</Filter>
    </ClInclude>
    <ClInclude Include="..\src\libaten\shape\shape.h">
      <Filter>aten\shape</Filter>
    </ClInclude>
    <ClInclude Include="..\src\libaten\shape\sphere.h">
      <Filter>aten\shape</Filter>
    </ClInclude>
    <ClInclude Include="..\src\libaten\shape\tranfomable.h">
      <Filter>aten\shape</Filter>
    </ClInclude>
    <ClInclude Include="..\src\libaten\shape\cube.h">
      <Filter>aten\shape</Filter>
    </ClInclude>
    <ClInclude Include="..\src\libidaten\kernel\light.cuh">
      <Filter>kernel</Filter>
    </ClInclude>
    <ClInclude Include="..\src\libidaten\idaten_namespace.h" />
    <ClInclude Include="..\src\libidaten\aten4idaten.h" />
    <ClInclude Include="..\src\libaten\math\aabb.h">
      <Filter>aten\math</Filter>
    </ClInclude>
    <ClInclude Include="..\src\libidaten\kernel\material.cuh">
      <Filter>kernel</Filter>
    </ClInclude>
    <ClInclude Include="..\src\libaten\camera\camera.h">
      <Filter>aten\camera</Filter>
    </ClInclude>
    <ClInclude Include="..\src\libaten\camera\pinhole.h">
      <Filter>aten\camera</Filter>
    </ClInclude>
    <ClInclude Include="..\src\libidaten\kernel\context.cuh">
      <Filter>kernel</Filter>
    </ClInclude>
    <ClInclude Include="..\src\libidaten\kernel\intersect.cuh">
      <Filter>kernel</Filter>
    </ClInclude>
    <ClInclude Include="..\src\libidaten\kernel\bvh.cuh">
      <Filter>kernel</Filter>
    </ClInclude>
    <ClInclude Include="..\src\libaten\object\object.h">
      <Filter>aten\object</Filter>
    </ClInclude>
    <ClInclude Include="..\src\libaten\sampler\sampler.h">
      <Filter>aten\sampler</Filter>
    </ClInclude>
    <ClInclude Include="..\src\libaten\sampler\wanghash.h">
      <Filter>aten\sampler</Filter>
    </ClInclude>
    <ClInclude Include="..\src\libidaten\cuda\cudaGLresource.h">
      <Filter>cuda</Filter>
    </ClInclude>
    <ClInclude Include="..\src\libidaten\kernel\pathtracing.h">
      <Filter>kernel</Filter>
    </ClInclude>
    <ClInclude Include="..\src\libidaten\cuda\cudaTextureResource.h">
      <Filter>cuda</Filter>
    </ClInclude>
    <ClInclude Include="..\src\libidaten\kernel\renderer.h">
      <Filter>kernel</Filter>
    </ClInclude>
    <ClInclude Include="..\src\libidaten\kernel\compaction.h">
      <Filter>kernel</Filter>
    </ClInclude>
    <ClInclude Include="..\src\libidaten\kernel\idatendefs.cuh">
      <Filter>kernel</Filter>
    </ClInclude>
    <ClInclude Include="..\src\libidaten\kernel\intersect_impl.cuh">
      <Filter>kernel</Filter>
    </ClInclude>
    <ClInclude Include="..\src\libidaten\kernel\light_impl.cuh">
      <Filter>kernel</Filter>
    </ClInclude>
    <ClInclude Include="..\src\libidaten\kernel\bvh_impl.cuh">
      <Filter>kernel</Filter>
    </ClInclude>
    <ClInclude Include="..\src\libidaten\kernel\material_impl.cuh">
      <Filter>kernel</Filter>
    </ClInclude>
    <ClInclude Include="..\src\libaten\renderer\envmap.h">
      <Filter>aten\renderer</Filter>
    </ClInclude>
    <ClInclude Include="..\src\libaten\misc\color.h">
      <Filter>aten\misc</Filter>
    </ClInclude>
    <ClInclude Include="..\src\libaten\misc\timer.h">
      <Filter>aten\misc</Filter>
    </ClInclude>
    <ClInclude Include="..\src\libidaten\kernel\pt_common.h">
      <Filter>kernel</Filter>
    </ClInclude>
    <ClInclude Include="..\src\libaten\material\sample_texture.h">
      <Filter>aten\material</Filter>
    </ClInclude>
    <ClInclude Include="..\src\libidaten\kernel\sample_texture_impl.cuh">
      <Filter>kernel</Filter>
    </ClInclude>
    <ClInclude Include="..\src\libaten\material\layer.h">
      <Filter>aten\material</Filter>
    </ClInclude>
    <ClInclude Include="..\src\libaten\material\disney_brdf.h">
      <Filter>aten\material</Filter>
    </ClInclude>
    <ClInclude Include="..\src\libaten\sampler\sobol.h">
      <Filter>aten\sampler</Filter>
    </ClInclude>
    <ClInclude Include="..\src\libaten\sampler\sobolproxy.h">
      <Filter>aten\sampler</Filter>
    </ClInclude>
    <ClInclude Include="..\src\libidaten\kernel\directlight.h">
      <Filter>kernel</Filter>
    </ClInclude>
    <ClInclude Include="..\src\libidaten\svgf\svgf_pt.h">
      <Filter>svgf</Filter>
    </ClInclude>
  </ItemGroup>
  <ItemGroup>
    <Filter Include="cuda">
      <UniqueIdentifier>{533e08ed-a259-4818-80ee-be4ac888521b}</UniqueIdentifier>
    </Filter>
    <Filter Include="kernel">
      <UniqueIdentifier>{191682f4-577f-4778-8962-047a627e8058}</UniqueIdentifier>
    </Filter>
    <Filter Include="aten">
      <UniqueIdentifier>{ba2cb3b8-f63a-4ccd-b936-bcc4cc095c79}</UniqueIdentifier>
    </Filter>
    <Filter Include="aten\light">
      <UniqueIdentifier>{4816c81d-e5c4-4038-81d4-36bc0a4b8972}</UniqueIdentifier>
    </Filter>
    <Filter Include="aten\material">
      <UniqueIdentifier>{78669d23-3a2d-4c40-b87d-5100aed0136e}</UniqueIdentifier>
    </Filter>
    <Filter Include="aten\math">
      <UniqueIdentifier>{524e2d9a-371d-41f3-8180-add753a40a60}</UniqueIdentifier>
    </Filter>
    <Filter Include="aten\scene">
      <UniqueIdentifier>{b31615c0-8133-4599-b5a9-7fd52f0d1e34}</UniqueIdentifier>
    </Filter>
    <Filter Include="aten\shape">
      <UniqueIdentifier>{06f7c18d-6575-491d-9f22-6a8dc6c848f8}</UniqueIdentifier>
    </Filter>
    <Filter Include="aten\camera">
      <UniqueIdentifier>{acb20f76-8ecc-4139-8957-fa6d24abedd5}</UniqueIdentifier>
    </Filter>
    <Filter Include="aten\object">
      <UniqueIdentifier>{6ea18010-7a1d-4ea1-bea9-d8beae7ce9dc}</UniqueIdentifier>
    </Filter>
    <Filter Include="aten\sampler">
      <UniqueIdentifier>{4419bdc9-7db1-48c5-a291-f22a459053e0}</UniqueIdentifier>
    </Filter>
    <Filter Include="aten\renderer">
      <UniqueIdentifier>{c6ab3f50-f917-4d20-8e85-5d0d3482393d}</UniqueIdentifier>
    </Filter>
    <Filter Include="aten\misc">
      <UniqueIdentifier>{958091ea-8a50-46eb-9691-fa6322bb4029}</UniqueIdentifier>
    </Filter>
    <Filter Include="svgf">
      <UniqueIdentifier>{58051365-e283-4a32-b359-70330e6c9d8c}</UniqueIdentifier>
    </Filter>
  </ItemGroup>
  <ItemGroup>
    <ClCompile Include="..\src\libidaten\cuda\cudamemory.cpp">
      <Filter>cuda</Filter>
    </ClCompile>
    <ClCompile Include="..\src\libaten\light\ibl.cpp">
      <Filter>aten\light</Filter>
    </ClCompile>
    <ClCompile Include="..\src\libaten\light\light.cpp">
      <Filter>aten\light</Filter>
    </ClCompile>
    <ClCompile Include="..\src\libaten\light\arealight.cpp">
      <Filter>aten\light</Filter>
    </ClCompile>
    <ClCompile Include="..\src\libaten\math\mat4.cpp">
      <Filter>aten\math</Filter>
    </ClCompile>
    <ClCompile Include="..\src\libaten\shape\cube.cpp">
      <Filter>aten\shape</Filter>
    </ClCompile>
    <ClCompile Include="..\src\libidaten\cuda\cudaGLresource.cpp">
      <Filter>cuda</Filter>
    </ClCompile>
    <ClCompile Include="..\src\libidaten\cuda\cudaTextureResource.cpp">
      <Filter>cuda</Filter>
    </ClCompile>
    <ClCompile Include="..\src\libidaten\kernel\renderer.cpp">
      <Filter>kernel</Filter>
    </ClCompile>
    <ClCompile Include="..\src\libaten\renderer\envmap.cpp">
      <Filter>aten\renderer</Filter>
    </ClCompile>
    <ClCompile Include="..\src\libaten\misc\color.cpp">
      <Filter>aten\misc</Filter>
    </ClCompile>
    <ClCompile Include="..\src\libaten\misc\timer.cpp">
      <Filter>aten\misc</Filter>
    </ClCompile>
    <ClCompile Include="..\src\libaten\material\layer.cpp">
      <Filter>aten\material</Filter>
    </ClCompile>
    <ClCompile Include="..\src\libaten\sampler\sobol.cpp">
      <Filter>aten\sampler</Filter>
    </ClCompile>
  </ItemGroup>
  <ItemGroup>
    <CudaCompile Include="..\src\libidaten\kernel\raytracing.cu">
      <Filter>kernel</Filter>
    </CudaCompile>
    <CudaCompile Include="..\src\libidaten\kernel\light.cu">
      <Filter>kernel</Filter>
    </CudaCompile>
    <CudaCompile Include="..\src\libaten\shape\sphere.cpp">
      <Filter>aten\shape</Filter>
    </CudaCompile>
    <CudaCompile Include="..\src\libidaten\kernel\material.cu">
      <Filter>kernel</Filter>
    </CudaCompile>
    <CudaCompile Include="..\src\libaten\material\beckman.cpp">
      <Filter>aten\material</Filter>
    </CudaCompile>
    <CudaCompile Include="..\src\libaten\material\blinn.cpp">
      <Filter>aten\material</Filter>
    </CudaCompile>
    <CudaCompile Include="..\src\libaten\material\emissive.cpp">
      <Filter>aten\material</Filter>
    </CudaCompile>
    <CudaCompile Include="..\src\libaten\material\ggx.cpp">
      <Filter>aten\material</Filter>
    </CudaCompile>
    <CudaCompile Include="..\src\libaten\material\lambert.cpp">
      <Filter>aten\material</Filter>
    </CudaCompile>
    <CudaCompile Include="..\src\libaten\material\material .cpp">
      <Filter>aten\material</Filter>
    </CudaCompile>
    <CudaCompile Include="..\src\libaten\material\oren_nayar.cpp">
      <Filter>aten\material</Filter>
    </CudaCompile>
    <CudaCompile Include="..\src\libaten\material\refraction.cpp">
      <Filter>aten\material</Filter>
    </CudaCompile>
    <CudaCompile Include="..\src\libaten\material\specular.cpp">
      <Filter>aten\material</Filter>
    </CudaCompile>
    <CudaCompile Include="..\src\libaten\camera\pinhole .cpp">
      <Filter>aten\camera</Filter>
    </CudaCompile>
    <CudaCompile Include="..\src\libidaten\kernel\bvh.cu">
      <Filter>kernel</Filter>
    </CudaCompile>
    <CudaCompile Include="..\src\libidaten\kernel\intersect.cu">
      <Filter>kernel</Filter>
    </CudaCompile>
    <CudaCompile Include="..\src\libaten\object\object.cpp">
      <Filter>aten\object</Filter>
    </CudaCompile>
    <CudaCompile Include="..\src\libidaten\kernel\pathtracing.cu">
      <Filter>kernel</Filter>
    </CudaCompile>
    <CudaCompile Include="..\src\libidaten\kernel\compaction.cu">
      <Filter>kernel</Filter>
    </CudaCompile>
    <CudaCompile Include="..\src\libidaten\kernel\pt_geometryrendering.cu">
      <Filter>kernel</Filter>
    </CudaCompile>
    <CudaCompile Include="..\src\libidaten\kernel\pt_temporarlreprojection.cu">
      <Filter>kernel</Filter>
    </CudaCompile>
    <CudaCompile Include="..\src\libidaten\kernel\sample_texture_impl.cu">
      <Filter>kernel</Filter>
    </CudaCompile>
    <CudaCompile Include="..\src\libaten\material\disney_brdf.cpp" />
    <CudaCompile Include="..\src\libidaten\kernel\directlight.cu">
      <Filter>kernel</Filter>
    </CudaCompile>
    <CudaCompile Include="..\src\libidaten\svgf\svgf_pt.cu">
      <Filter>svgf</Filter>
    </CudaCompile>
    <CudaCompile Include="..\src\libidaten\svgf\svgf_tp.cu">
      <Filter>svgf</Filter>
    </CudaCompile>
    <CudaCompile Include="..\src\libidaten\svgf\svgf_VarianceEstimation.cu">
      <Filter>svgf</Filter>
    </CudaCompile>
    <CudaCompile Include="..\src\libidaten\svgf\svgf_atrous.cu">
      <Filter>svgf</Filter>
    </CudaCompile>
    <CudaCompile Include="..\src\libidaten\svgf\svgf_taa.cu">
      <Filter>svgf</Filter>
    </CudaCompile>
  </ItemGroup>
</Project>