<?xml version="1.0" encoding="utf-8"?>
<Project ToolsVersion="4.0" xmlns="http://schemas.microsoft.com/developer/msbuild/2003">
  <ItemGroup>
    <ClCompile Include="..\src\aten_unittest\aov_host_buffer.cpp" />
    <ClCompile Include="..\src\aten_unittest\feature_line.cpp" />
    <ClCompile Include="..\src\aten_unittest\misc_stack.cpp" />
    <ClCompile Include="..\src\aten_unittest\misc_type_traits.cpp" />
    <ClCompile Include="..\src\aten_unittest\misc_span.cpp" />
    <ClCompile Include="..\src\aten_unittest\pinhole_camera.cpp" />
    <ClCompile Include="..\src\aten_unittest\atmoshphere\sky\sky_common.cpp">
      <Filter>atmosphere\sky</Filter>
    </ClCompile>
    <ClCompile Include="..\src\aten_unittest\atmoshphere\sky\sky_coord_convert.cpp">
      <Filter>atmosphere\sky</Filter>
    </ClCompile>
    <ClCompile Include="..\src\aten_unittest\atmoshphere\sky\sky_compute.cpp">
      <Filter>atmosphere\sky</Filter>
    </ClCompile>
  </ItemGroup>
  <ItemGroup>
    <Filter Include="atmosphere">
      <UniqueIdentifier>{cbb9dbe2-e931-412d-9e6c-5cef01aa8bab}</UniqueIdentifier>
    </Filter>
    <Filter Include="atmosphere\sky">
      <UniqueIdentifier>{973ae865-aa35-4829-bbf9-b06415501333}</UniqueIdentifier>
    </Filter>
  </ItemGroup>
  <ItemGroup>
    <ClInclude Include="..\src\aten_unittest\atmoshphere\sky\sky_test_fixture.h">
      <Filter>atmosphere\sky</Filter>
    </ClInclude>
    <ClInclude Include="..\src\aten_unittest\atmoshphere\sky\sky_test_lazy_texture.h">
      <Filter>atmosphere\sky</Filter>
    </ClInclude>
  </ItemGroup>
</Project>