<?xml version="1.0" encoding="utf-8"?>
<Project ToolsVersion="4.0" xmlns="http://schemas.microsoft.com/developer/msbuild/2003">
  <ItemGroup>
    <ClCompile Include="..\src\NPRViewer\main.cpp" />
    <ClCompile Include="..\src\NPRViewer\RimLight.cpp" />
    <ClCompile Include="..\src\NPRViewer\StylizedHighlight.cpp" />
    <ClCompile Include="..\src\NPRViewer\NPRShading.cpp" />
    <ClCompile Include="..\src\NPRViewer\ToonBsdf.cpp" />
  </ItemGroup>
  <ItemGroup>
    <ClInclude Include="..\src\NPRViewer\NPRModule.h" />
    <ClInclude Include="..\src\NPRViewer\RimLight.h" />
    <ClInclude Include="..\src\NPRViewer\StylizedHighlight.h" />
    <ClInclude Include="..\src\NPRViewer\NPRShading.h" />
    <ClInclude Include="..\src\NPRViewer\ToonBsdf.h" />
  </ItemGroup>
  <ItemGroup>
    <None Include="..\src\NPRViewer\highlight.frag">
      <Filter>shader</Filter>
    </None>
    <None Include="..\src\NPRViewer\highlight.vert">
      <Filter>shader</Filter>
    </None>
    <None Include="..\src\NPRViewer\rimlight.frag">
      <Filter>shader</Filter>
    </None>
    <None Include="..\src\NPRViewer\rimlight.vert">
      <Filter>shader</Filter>
    </None>
    <None Include="..\src\NPRViewer\npr_shading.vert">
      <Filter>shader</Filter>
    </None>
    <None Include="..\src\NPRViewer\npr_shading.frag">
      <Filter>shader</Filter>
    </None>
    <None Include="..\src\NPRViewer\toon_bsdf.vert">
      <Filter>shader</Filter>
    </None>
    <None Include="..\src\NPRViewer\toon_bsdf.frag">
      <Filter>shader</Filter>
    </None>
    <None Include="..\src\NPRViewer\toon_specular_bsdf.frag">
      <Filter>shader</Filter>
    </None>
  </ItemGroup>
  <ItemGroup>
    <Filter Include="shader">
      <UniqueIdentifier>{35c61925-e9ec-40ee-ac32-aad8c308d055}</UniqueIdentifier>
    </Filter>
  </ItemGroup>
</Project>