
Microsoft Visual Studio Solution File, Format Version 12.00
# Visual Studio Version 16
VisualStudioVersion = 16.0.29230.47
MinimumVisualStudioVersion = 10.0.40219.1
Project("{8BC9CEB8-8B4A-11D0-8D11-00A0C91BC942}") = "libaten", "libaten.vcxproj", "{393C16ED-D331-4C42-B02A-4ECC84979166}"
EndProject
Project("{8BC9CEB8-8B4A-11D0-8D11-00A0C91BC942}") = "host_renderer", "host_renderer.vcxproj", "{C55C3B42-D7EC-4569-ACDF-19EC5D71FB7C}"
	ProjectSection(ProjectDependencies) = postProject
		{0191D96F-E987-4FDD-9D7A-934931E22B43} = {0191D96F-E987-4FDD-9D7A-934931E22B43}
		{393C16ED-D331-4C42-B02A-4ECC84979166} = {393C16ED-D331-4C42-B02A-4ECC84979166}
	EndProjectSection
EndProject
Project("{8BC9CEB8-8B4A-11D0-8D11-00A0C91BC942}") = "libatenscene", "libatenscene.vcxproj", "{0191D96F-E987-4FDD-9D7A-934931E22B43}"
EndProject
Project("{8BC9CEB8-8B4A-11D0-8D11-00A0C91BC942}") = "libidaten", "libidaten.vcxproj", "{F1F65E75-E655-449E-8115-186423D33147}"
EndProject
Project("{8BC9CEB8-8B4A-11D0-8D11-00A0C91BC942}") = "device_renderer", "device_renderer.vcxproj", "{8E4E5656-02DA-4013-94C8-671191EB4B87}"
	ProjectSection(ProjectDependencies) = postProject
		{0191D96F-E987-4FDD-9D7A-934931E22B43} = {0191D96F-E987-4FDD-9D7A-934931E22B43}
		{F1F65E75-E655-449E-8115-186423D33147} = {F1F65E75-E655-449E-8115-186423D33147}
		{393C16ED-D331-4C42-B02A-4ECC84979166} = {393C16ED-D331-4C42-B02A-4ECC84979166}
	EndProjectSection
EndProject
Project("{8BC9CEB8-8B4A-11D0-8D11-00A0C91BC942}") = "svgf_renderer", "svgf_renderer.vcxproj", "{A913CD5C-95E0-4AB9-A0A6-DDAE9F7705A3}"
	ProjectSection(ProjectDependencies) = postProject
		{0191D96F-E987-4FDD-9D7A-934931E22B43} = {0191D96F-E987-4FDD-9D7A-934931E22B43}
		{F1F65E75-E655-449E-8115-186423D33147} = {F1F65E75-E655-449E-8115-186423D33147}
		{393C16ED-D331-4C42-B02A-4ECC84979166} = {393C16ED-D331-4C42-B02A-4ECC84979166}
	EndProjectSection
EndProject
Project("{2150E333-8FDC-42A3-9474-1A3956D46DE8}") = "lib", "lib", "{57B6F956-6DB0-4D4F-8AED-3D6C4E38E674}"
EndProject
Project("{2150E333-8FDC-42A3-9474-1A3956D46DE8}") = "tool", "tool", "{FEC6D806-4AB6-466C-9A07-BA5837A5E8D9}"
EndProject
Project("{8BC9CEB8-8B4A-11D0-8D11-00A0C91BC942}") = "SbvhBuilder", "SbvhBuilder.vcxproj", "{3C5AA065-2D55-46BC-A08D-903F7A6CF7A8}"
	ProjectSection(ProjectDependencies) = postProject
		{0191D96F-E987-4FDD-9D7A-934931E22B43} = {0191D96F-E987-4FDD-9D7A-934931E22B43}
		{393C16ED-D331-4C42-B02A-4ECC84979166} = {393C16ED-D331-4C42-B02A-4ECC84979166}
	EndProjectSection
EndProject
Project("{8BC9CEB8-8B4A-11D0-8D11-00A0C91BC942}") = "VoxelViewer", "VoxelViewer.vcxproj", "{3E3AE651-5D5D-4B7F-B94C-EFF0361E2D89}"
	ProjectSection(ProjectDependencies) = postProject
		{0191D96F-E987-4FDD-9D7A-934931E22B43} = {0191D96F-E987-4FDD-9D7A-934931E22B43}
		{393C16ED-D331-4C42-B02A-4ECC84979166} = {393C16ED-D331-4C42-B02A-4ECC84979166}
	EndProjectSection
EndProject
Project("{8BC9CEB8-8B4A-11D0-8D11-00A0C91BC942}") = "FbxConverter", "FbxConverter.vcxproj", "{A59DF03A-36EF-40DF-99C6-9A471EF7BEC3}"
	ProjectSection(ProjectDependencies) = postProject
		{0191D96F-E987-4FDD-9D7A-934931E22B43} = {0191D96F-E987-4FDD-9D7A-934931E22B43}
		{393C16ED-D331-4C42-B02A-4ECC84979166} = {393C16ED-D331-4C42-B02A-4ECC84979166}
	EndProjectSection
EndProject
Project("{8BC9CEB8-8B4A-11D0-8D11-00A0C91BC942}") = "MaterialViewer", "MaterialViewer.vcxproj", "{D24EA6A1-A386-4232-AB98-25541ADD75A0}"
	ProjectSection(ProjectDependencies) = postProject
		{0191D96F-E987-4FDD-9D7A-934931E22B43} = {0191D96F-E987-4FDD-9D7A-934931E22B43}
		{F1F65E75-E655-449E-8115-186423D33147} = {F1F65E75-E655-449E-8115-186423D33147}
		{393C16ED-D331-4C42-B02A-4ECC84979166} = {393C16ED-D331-4C42-B02A-4ECC84979166}
	EndProjectSection
EndProject
Project("{8BC9CEB8-8B4A-11D0-8D11-00A0C91BC942}") = "ObjSeparator", "ObjSeparator.vcxproj", "{7747F39F-7052-4C76-9170-8D9FC3889766}"
	ProjectSection(ProjectDependencies) = postProject
		{0191D96F-E987-4FDD-9D7A-934931E22B43} = {0191D96F-E987-4FDD-9D7A-934931E22B43}
		{393C16ED-D331-4C42-B02A-4ECC84979166} = {393C16ED-D331-4C42-B02A-4ECC84979166}
	EndProjectSection
EndProject
Project("{8BC9CEB8-8B4A-11D0-8D11-00A0C91BC942}") = "deformation_renderer", "deformation_renderer.vcxproj", "{6CB34CD6-7181-48B8-92C3-B11776C84844}"
	ProjectSection(ProjectDependencies) = postProject
		{0191D96F-E987-4FDD-9D7A-934931E22B43} = {0191D96F-E987-4FDD-9D7A-934931E22B43}
		{F1F65E75-E655-449E-8115-186423D33147} = {F1F65E75-E655-449E-8115-186423D33147}
		{393C16ED-D331-4C42-B02A-4ECC84979166} = {393C16ED-D331-4C42-B02A-4ECC84979166}
	EndProjectSection
EndProject
Project("{8BC9CEB8-8B4A-11D0-8D11-00A0C91BC942}") = "FlakesNormalMapMaker", "FlakesNormalMapMaker.vcxproj", "{F0C56ED5-4625-4296-832B-678CD7776F6B}"
EndProject
Project("{8BC9CEB8-8B4A-11D0-8D11-00A0C91BC942}") = "DeformationModelViewer", "DeformationModelViewer.vcxproj", "{0AEF81BD-B36E-4CFB-8278-9157CADC81F8}"
	ProjectSection(ProjectDependencies) = postProject
		{0191D96F-E987-4FDD-9D7A-934931E22B43} = {0191D96F-E987-4FDD-9D7A-934931E22B43}
		{F1F65E75-E655-449E-8115-186423D33147} = {F1F65E75-E655-449E-8115-186423D33147}
		{393C16ED-D331-4C42-B02A-4ECC84979166} = {393C16ED-D331-4C42-B02A-4ECC84979166}
	EndProjectSection
EndProject
Project("{8BC9CEB8-8B4A-11D0-8D11-00A0C91BC942}") = "ao_renderer", "ao_renderer.vcxproj", "{B86F042B-0AD6-4BCD-8072-8F3C29EB926A}"
	ProjectSection(ProjectDependencies) = postProject
		{0191D96F-E987-4FDD-9D7A-934931E22B43} = {0191D96F-E987-4FDD-9D7A-934931E22B43}
		{F1F65E75-E655-449E-8115-186423D33147} = {F1F65E75-E655-449E-8115-186423D33147}
		{393C16ED-D331-4C42-B02A-4ECC84979166} = {393C16ED-D331-4C42-B02A-4ECC84979166}
	EndProjectSection
EndProject
Project("{8BC9CEB8-8B4A-11D0-8D11-00A0C91BC942}") = "ObjViewer", "ObjViewer.vcxproj", "{8F8269DB-3B2B-4CED-AAE4-DB2B45DA367A}"
	ProjectSection(ProjectDependencies) = postProject
		{0191D96F-E987-4FDD-9D7A-934931E22B43} = {0191D96F-E987-4FDD-9D7A-934931E22B43}
		{393C16ED-D331-4C42-B02A-4ECC84979166} = {393C16ED-D331-4C42-B02A-4ECC84979166}
	EndProjectSection
EndProject
Project("{8BC9CEB8-8B4A-11D0-8D11-00A0C91BC942}") = "AssimpLoadViewer", "AssimpLoadViewer.vcxproj", "{6499A127-4962-4BDF-88A2-3D8204B2965F}"
	ProjectSection(ProjectDependencies) = postProject
		{0191D96F-E987-4FDD-9D7A-934931E22B43} = {0191D96F-E987-4FDD-9D7A-934931E22B43}
		{393C16ED-D331-4C42-B02A-4ECC84979166} = {393C16ED-D331-4C42-B02A-4ECC84979166}
	EndProjectSection
EndProject
Project("{8BC9CEB8-8B4A-11D0-8D11-00A0C91BC942}") = "restir_renderer", "restir_renderer.vcxproj", "{4774BD6B-A37D-42B8-B860-4AE7CD64A70A}"
	ProjectSection(ProjectDependencies) = postProject
		{0191D96F-E987-4FDD-9D7A-934931E22B43} = {0191D96F-E987-4FDD-9D7A-934931E22B43}
		{F1F65E75-E655-449E-8115-186423D33147} = {F1F65E75-E655-449E-8115-186423D33147}
		{393C16ED-D331-4C42-B02A-4ECC84979166} = {393C16ED-D331-4C42-B02A-4ECC84979166}
	EndProjectSection
EndProject
Project("{8BC9CEB8-8B4A-11D0-8D11-00A0C91BC942}") = "MeasureEffectiveRetroreflectiveArea", "MeasureEffectiveRetroreflectiveArea.vcxproj", "{B95837D7-470F-490B-BF42-02307712F672}"
	ProjectSection(ProjectDependencies) = postProject
		{393C16ED-D331-4C42-B02A-4ECC84979166} = {393C16ED-D331-4C42-B02A-4ECC84979166}
	EndProjectSection
EndProject
Project("{8BC9CEB8-8B4A-11D0-8D11-00A0C91BC942}") = "ShaderViewer", "ShaderViewer.vcxproj", "{41D75A2E-AD16-434B-9E87-F3F675BC8475}"
	ProjectSection(ProjectDependencies) = postProject
		{0191D96F-E987-4FDD-9D7A-934931E22B43} = {0191D96F-E987-4FDD-9D7A-934931E22B43}
		{393C16ED-D331-4C42-B02A-4ECC84979166} = {393C16ED-D331-4C42-B02A-4ECC84979166}
	EndProjectSection
EndProject
Project("{2150E333-8FDC-42A3-9474-1A3956D46DE8}") = "test", "test", "{ABD13BB2-1195-4A15-AAB1-C6065B1E04E0}"
EndProject
Project("{8BC9CEB8-8B4A-11D0-8D11-00A0C91BC942}") = "aten_unittest", "aten_unittest.vcxproj", "{AE027FDF-561A-40BC-B5A8-8833D11353C9}"
EndProject
Project("{8BC9CEB8-8B4A-11D0-8D11-00A0C91BC942}") = "Bump2Normal", "Bump2Normal.vcxproj", "{13EB72DF-09B6-4C58-B4E9-BAC482D48CFA}"
	ProjectSection(ProjectDependencies) = postProject
		{0191D96F-E987-4FDD-9D7A-934931E22B43} = {0191D96F-E987-4FDD-9D7A-934931E22B43}
		{393C16ED-D331-4C42-B02A-4ECC84979166} = {393C16ED-D331-4C42-B02A-4ECC84979166}
	EndProjectSection
EndProject
Project("{8BC9CEB8-8B4A-11D0-8D11-00A0C91BC942}") = "ObjCombine", "ObjCombine.vcxproj", "{A4F1B770-E78F-4B06-A10A-789067003969}"
	ProjectSection(ProjectDependencies) = postProject
		{0191D96F-E987-4FDD-9D7A-934931E22B43} = {0191D96F-E987-4FDD-9D7A-934931E22B43}
	EndProjectSection
EndProject
Project("{8BC9CEB8-8B4A-11D0-8D11-00A0C91BC942}") = "NanoVDBViewer", "NanoVDBViewer.vcxproj", "{92ED68AB-D41F-463B-8816-AA0557FD2446}"
	ProjectSection(ProjectDependencies) = postProject
		{F1F65E75-E655-449E-8115-186423D33147} = {F1F65E75-E655-449E-8115-186423D33147}
		{393C16ED-D331-4C42-B02A-4ECC84979166} = {393C16ED-D331-4C42-B02A-4ECC84979166}
	EndProjectSection
EndProject
Project("{8BC9CEB8-8B4A-11D0-8D11-00A0C91BC942}") = "volume_grid_renderer", "volume_grid_renderer.vcxproj", "{9F9805A8-748F-4ECC-AC73-F4868D4055F6}"
	ProjectSection(ProjectDependencies) = postProject
		{0191D96F-E987-4FDD-9D7A-934931E22B43} = {0191D96F-E987-4FDD-9D7A-934931E22B43}
		{F1F65E75-E655-449E-8115-186423D33147} = {F1F65E75-E655-449E-8115-186423D33147}
		{393C16ED-D331-4C42-B02A-4ECC84979166} = {393C16ED-D331-4C42-B02A-4ECC84979166}
	EndProjectSection
EndProject
Global
	GlobalSection(SolutionConfigurationPlatforms) = preSolution
		Debug|x64 = Debug|x64
		Profile|x64 = Profile|x64
		Release|x64 = Release|x64
	EndGlobalSection
	GlobalSection(ProjectConfigurationPlatforms) = postSolution
		{393C16ED-D331-4C42-B02A-4ECC84979166}.Debug|x64.ActiveCfg = Debug|x64
		{393C16ED-D331-4C42-B02A-4ECC84979166}.Debug|x64.Build.0 = Debug|x64
		{393C16ED-D331-4C42-B02A-4ECC84979166}.Profile|x64.ActiveCfg = Profile|x64
		{393C16ED-D331-4C42-B02A-4ECC84979166}.Profile|x64.Build.0 = Profile|x64
		{393C16ED-D331-4C42-B02A-4ECC84979166}.Release|x64.ActiveCfg = Release|x64
		{393C16ED-D331-4C42-B02A-4ECC84979166}.Release|x64.Build.0 = Release|x64
		{C55C3B42-D7EC-4569-ACDF-19EC5D71FB7C}.Debug|x64.ActiveCfg = Debug|x64
		{C55C3B42-D7EC-4569-ACDF-19EC5D71FB7C}.Debug|x64.Build.0 = Debug|x64
		{C55C3B42-D7EC-4569-ACDF-19EC5D71FB7C}.Profile|x64.ActiveCfg = Profile|x64
		{C55C3B42-D7EC-4569-ACDF-19EC5D71FB7C}.Profile|x64.Build.0 = Profile|x64
		{C55C3B42-D7EC-4569-ACDF-19EC5D71FB7C}.Release|x64.ActiveCfg = Release|x64
		{C55C3B42-D7EC-4569-ACDF-19EC5D71FB7C}.Release|x64.Build.0 = Release|x64
		{0191D96F-E987-4FDD-9D7A-934931E22B43}.Debug|x64.ActiveCfg = Debug|x64
		{0191D96F-E987-4FDD-9D7A-934931E22B43}.Debug|x64.Build.0 = Debug|x64
		{0191D96F-E987-4FDD-9D7A-934931E22B43}.Profile|x64.ActiveCfg = Profile|x64
		{0191D96F-E987-4FDD-9D7A-934931E22B43}.Profile|x64.Build.0 = Profile|x64
		{0191D96F-E987-4FDD-9D7A-934931E22B43}.Release|x64.ActiveCfg = Release|x64
		{0191D96F-E987-4FDD-9D7A-934931E22B43}.Release|x64.Build.0 = Release|x64
		{F1F65E75-E655-449E-8115-186423D33147}.Debug|x64.ActiveCfg = Debug|x64
		{F1F65E75-E655-449E-8115-186423D33147}.Debug|x64.Build.0 = Debug|x64
		{F1F65E75-E655-449E-8115-186423D33147}.Profile|x64.ActiveCfg = Profile|x64
		{F1F65E75-E655-449E-8115-186423D33147}.Profile|x64.Build.0 = Profile|x64
		{F1F65E75-E655-449E-8115-186423D33147}.Release|x64.ActiveCfg = Release|x64
		{F1F65E75-E655-449E-8115-186423D33147}.Release|x64.Build.0 = Release|x64
		{8E4E5656-02DA-4013-94C8-671191EB4B87}.Debug|x64.ActiveCfg = Debug|x64
		{8E4E5656-02DA-4013-94C8-671191EB4B87}.Debug|x64.Build.0 = Debug|x64
		{8E4E5656-02DA-4013-94C8-671191EB4B87}.Profile|x64.ActiveCfg = Profile|x64
		{8E4E5656-02DA-4013-94C8-671191EB4B87}.Profile|x64.Build.0 = Profile|x64
		{8E4E5656-02DA-4013-94C8-671191EB4B87}.Release|x64.ActiveCfg = Release|x64
		{8E4E5656-02DA-4013-94C8-671191EB4B87}.Release|x64.Build.0 = Release|x64
		{A913CD5C-95E0-4AB9-A0A6-DDAE9F7705A3}.Debug|x64.ActiveCfg = Debug|x64
		{A913CD5C-95E0-4AB9-A0A6-DDAE9F7705A3}.Debug|x64.Build.0 = Debug|x64
		{A913CD5C-95E0-4AB9-A0A6-DDAE9F7705A3}.Profile|x64.ActiveCfg = Profile|x64
		{A913CD5C-95E0-4AB9-A0A6-DDAE9F7705A3}.Profile|x64.Build.0 = Profile|x64
		{A913CD5C-95E0-4AB9-A0A6-DDAE9F7705A3}.Release|x64.ActiveCfg = Release|x64
		{A913CD5C-95E0-4AB9-A0A6-DDAE9F7705A3}.Release|x64.Build.0 = Release|x64
		{3C5AA065-2D55-46BC-A08D-903F7A6CF7A8}.Debug|x64.ActiveCfg = Debug|x64
		{3C5AA065-2D55-46BC-A08D-903F7A6CF7A8}.Debug|x64.Build.0 = Debug|x64
		{3C5AA065-2D55-46BC-A08D-903F7A6CF7A8}.Profile|x64.ActiveCfg = Profile|x64
		{3C5AA065-2D55-46BC-A08D-903F7A6CF7A8}.Profile|x64.Build.0 = Profile|x64
		{3C5AA065-2D55-46BC-A08D-903F7A6CF7A8}.Release|x64.ActiveCfg = Release|x64
		{3C5AA065-2D55-46BC-A08D-903F7A6CF7A8}.Release|x64.Build.0 = Release|x64
		{3E3AE651-5D5D-4B7F-B94C-EFF0361E2D89}.Debug|x64.ActiveCfg = Debug|x64
		{3E3AE651-5D5D-4B7F-B94C-EFF0361E2D89}.Debug|x64.Build.0 = Debug|x64
		{3E3AE651-5D5D-4B7F-B94C-EFF0361E2D89}.Profile|x64.ActiveCfg = Profile|x64
		{3E3AE651-5D5D-4B7F-B94C-EFF0361E2D89}.Profile|x64.Build.0 = Profile|x64
		{3E3AE651-5D5D-4B7F-B94C-EFF0361E2D89}.Release|x64.ActiveCfg = Release|x64
		{3E3AE651-5D5D-4B7F-B94C-EFF0361E2D89}.Release|x64.Build.0 = Release|x64
		{A59DF03A-36EF-40DF-99C6-9A471EF7BEC3}.Debug|x64.ActiveCfg = Debug|x64
		{A59DF03A-36EF-40DF-99C6-9A471EF7BEC3}.Debug|x64.Build.0 = Debug|x64
		{A59DF03A-36EF-40DF-99C6-9A471EF7BEC3}.Profile|x64.ActiveCfg = Profile|x64
		{A59DF03A-36EF-40DF-99C6-9A471EF7BEC3}.Profile|x64.Build.0 = Profile|x64
		{A59DF03A-36EF-40DF-99C6-9A471EF7BEC3}.Release|x64.ActiveCfg = Release|x64
		{A59DF03A-36EF-40DF-99C6-9A471EF7BEC3}.Release|x64.Build.0 = Release|x64
		{D24EA6A1-A386-4232-AB98-25541ADD75A0}.Debug|x64.ActiveCfg = Debug|x64
		{D24EA6A1-A386-4232-AB98-25541ADD75A0}.Debug|x64.Build.0 = Debug|x64
		{D24EA6A1-A386-4232-AB98-25541ADD75A0}.Profile|x64.ActiveCfg = Profile|x64
		{D24EA6A1-A386-4232-AB98-25541ADD75A0}.Profile|x64.Build.0 = Profile|x64
		{D24EA6A1-A386-4232-AB98-25541ADD75A0}.Release|x64.ActiveCfg = Release|x64
		{D24EA6A1-A386-4232-AB98-25541ADD75A0}.Release|x64.Build.0 = Release|x64
		{7747F39F-7052-4C76-9170-8D9FC3889766}.Debug|x64.ActiveCfg = Debug|x64
		{7747F39F-7052-4C76-9170-8D9FC3889766}.Debug|x64.Build.0 = Debug|x64
		{7747F39F-7052-4C76-9170-8D9FC3889766}.Profile|x64.ActiveCfg = Profile|x64
		{7747F39F-7052-4C76-9170-8D9FC3889766}.Profile|x64.Build.0 = Profile|x64
		{7747F39F-7052-4C76-9170-8D9FC3889766}.Release|x64.ActiveCfg = Release|x64
		{7747F39F-7052-4C76-9170-8D9FC3889766}.Release|x64.Build.0 = Release|x64
		{6CB34CD6-7181-48B8-92C3-B11776C84844}.Debug|x64.ActiveCfg = Debug|x64
		{6CB34CD6-7181-48B8-92C3-B11776C84844}.Debug|x64.Build.0 = Debug|x64
		{6CB34CD6-7181-48B8-92C3-B11776C84844}.Profile|x64.ActiveCfg = Profile|x64
		{6CB34CD6-7181-48B8-92C3-B11776C84844}.Profile|x64.Build.0 = Profile|x64
		{6CB34CD6-7181-48B8-92C3-B11776C84844}.Release|x64.ActiveCfg = Release|x64
		{6CB34CD6-7181-48B8-92C3-B11776C84844}.Release|x64.Build.0 = Release|x64
		{F0C56ED5-4625-4296-832B-678CD7776F6B}.Debug|x64.ActiveCfg = Debug|x64
		{F0C56ED5-4625-4296-832B-678CD7776F6B}.Debug|x64.Build.0 = Debug|x64
		{F0C56ED5-4625-4296-832B-678CD7776F6B}.Profile|x64.ActiveCfg = Profile|x64
		{F0C56ED5-4625-4296-832B-678CD7776F6B}.Profile|x64.Build.0 = Profile|x64
		{F0C56ED5-4625-4296-832B-678CD7776F6B}.Release|x64.ActiveCfg = Release|x64
		{F0C56ED5-4625-4296-832B-678CD7776F6B}.Release|x64.Build.0 = Release|x64
		{0AEF81BD-B36E-4CFB-8278-9157CADC81F8}.Debug|x64.ActiveCfg = Debug|x64
		{0AEF81BD-B36E-4CFB-8278-9157CADC81F8}.Debug|x64.Build.0 = Debug|x64
		{0AEF81BD-B36E-4CFB-8278-9157CADC81F8}.Profile|x64.ActiveCfg = Profile|x64
		{0AEF81BD-B36E-4CFB-8278-9157CADC81F8}.Profile|x64.Build.0 = Profile|x64
		{0AEF81BD-B36E-4CFB-8278-9157CADC81F8}.Release|x64.ActiveCfg = Release|x64
		{0AEF81BD-B36E-4CFB-8278-9157CADC81F8}.Release|x64.Build.0 = Release|x64
		{B86F042B-0AD6-4BCD-8072-8F3C29EB926A}.Debug|x64.ActiveCfg = Debug|x64
		{B86F042B-0AD6-4BCD-8072-8F3C29EB926A}.Debug|x64.Build.0 = Debug|x64
		{B86F042B-0AD6-4BCD-8072-8F3C29EB926A}.Profile|x64.ActiveCfg = Profile|x64
		{B86F042B-0AD6-4BCD-8072-8F3C29EB926A}.Profile|x64.Build.0 = Profile|x64
		{B86F042B-0AD6-4BCD-8072-8F3C29EB926A}.Release|x64.ActiveCfg = Release|x64
		{B86F042B-0AD6-4BCD-8072-8F3C29EB926A}.Release|x64.Build.0 = Release|x64
		{8F8269DB-3B2B-4CED-AAE4-DB2B45DA367A}.Debug|x64.ActiveCfg = Debug|x64
		{8F8269DB-3B2B-4CED-AAE4-DB2B45DA367A}.Debug|x64.Build.0 = Debug|x64
		{8F8269DB-3B2B-4CED-AAE4-DB2B45DA367A}.Profile|x64.ActiveCfg = Profile|x64
		{8F8269DB-3B2B-4CED-AAE4-DB2B45DA367A}.Profile|x64.Build.0 = Profile|x64
		{8F8269DB-3B2B-4CED-AAE4-DB2B45DA367A}.Release|x64.ActiveCfg = Release|x64
		{8F8269DB-3B2B-4CED-AAE4-DB2B45DA367A}.Release|x64.Build.0 = Release|x64
		{6499A127-4962-4BDF-88A2-3D8204B2965F}.Debug|x64.ActiveCfg = Debug|x64
		{6499A127-4962-4BDF-88A2-3D8204B2965F}.Debug|x64.Build.0 = Debug|x64
		{6499A127-4962-4BDF-88A2-3D8204B2965F}.Profile|x64.ActiveCfg = Profile|x64
		{6499A127-4962-4BDF-88A2-3D8204B2965F}.Profile|x64.Build.0 = Profile|x64
		{6499A127-4962-4BDF-88A2-3D8204B2965F}.Release|x64.ActiveCfg = Release|x64
		{6499A127-4962-4BDF-88A2-3D8204B2965F}.Release|x64.Build.0 = Release|x64
		{4774BD6B-A37D-42B8-B860-4AE7CD64A70A}.Debug|x64.ActiveCfg = Debug|x64
		{4774BD6B-A37D-42B8-B860-4AE7CD64A70A}.Debug|x64.Build.0 = Debug|x64
		{4774BD6B-A37D-42B8-B860-4AE7CD64A70A}.Profile|x64.ActiveCfg = Profile|x64
		{4774BD6B-A37D-42B8-B860-4AE7CD64A70A}.Profile|x64.Build.0 = Profile|x64
		{4774BD6B-A37D-42B8-B860-4AE7CD64A70A}.Release|x64.ActiveCfg = Release|x64
		{4774BD6B-A37D-42B8-B860-4AE7CD64A70A}.Release|x64.Build.0 = Release|x64
		{B95837D7-470F-490B-BF42-02307712F672}.Debug|x64.ActiveCfg = Debug|x64
		{B95837D7-470F-490B-BF42-02307712F672}.Debug|x64.Build.0 = Debug|x64
		{B95837D7-470F-490B-BF42-02307712F672}.Profile|x64.ActiveCfg = Profile|x64
		{B95837D7-470F-490B-BF42-02307712F672}.Profile|x64.Build.0 = Profile|x64
		{B95837D7-470F-490B-BF42-02307712F672}.Release|x64.ActiveCfg = Release|x64
		{B95837D7-470F-490B-BF42-02307712F672}.Release|x64.Build.0 = Release|x64
		{41D75A2E-AD16-434B-9E87-F3F675BC8475}.Debug|x64.ActiveCfg = Debug|x64
		{41D75A2E-AD16-434B-9E87-F3F675BC8475}.Debug|x64.Build.0 = Debug|x64
		{41D75A2E-AD16-434B-9E87-F3F675BC8475}.Profile|x64.ActiveCfg = Profile|x64
		{41D75A2E-AD16-434B-9E87-F3F675BC8475}.Profile|x64.Build.0 = Profile|x64
		{41D75A2E-AD16-434B-9E87-F3F675BC8475}.Release|x64.ActiveCfg = Release|x64
		{41D75A2E-AD16-434B-9E87-F3F675BC8475}.Release|x64.Build.0 = Release|x64
		{AE027FDF-561A-40BC-B5A8-8833D11353C9}.Debug|x64.ActiveCfg = Debug|x64
		{AE027FDF-561A-40BC-B5A8-8833D11353C9}.Debug|x64.Build.0 = Debug|x64
		{AE027FDF-561A-40BC-B5A8-8833D11353C9}.Profile|x64.ActiveCfg = Profile|x64
		{AE027FDF-561A-40BC-B5A8-8833D11353C9}.Profile|x64.Build.0 = Profile|x64
		{AE027FDF-561A-40BC-B5A8-8833D11353C9}.Release|x64.ActiveCfg = Release|x64
		{AE027FDF-561A-40BC-B5A8-8833D11353C9}.Release|x64.Build.0 = Release|x64
		{13EB72DF-09B6-4C58-B4E9-BAC482D48CFA}.Debug|x64.ActiveCfg = Debug|x64
		{13EB72DF-09B6-4C58-B4E9-BAC482D48CFA}.Debug|x64.Build.0 = Debug|x64
		{13EB72DF-09B6-4C58-B4E9-BAC482D48CFA}.Profile|x64.ActiveCfg = Profile|x64
		{13EB72DF-09B6-4C58-B4E9-BAC482D48CFA}.Profile|x64.Build.0 = Profile|x64
		{13EB72DF-09B6-4C58-B4E9-BAC482D48CFA}.Release|x64.ActiveCfg = Release|x64
		{13EB72DF-09B6-4C58-B4E9-BAC482D48CFA}.Release|x64.Build.0 = Release|x64
		{A4F1B770-E78F-4B06-A10A-789067003969}.Debug|x64.ActiveCfg = Debug|x64
		{A4F1B770-E78F-4B06-A10A-789067003969}.Debug|x64.Build.0 = Debug|x64
		{A4F1B770-E78F-4B06-A10A-789067003969}.Profile|x64.ActiveCfg = Profile|x64
		{A4F1B770-E78F-4B06-A10A-789067003969}.Profile|x64.Build.0 = Profile|x64
		{A4F1B770-E78F-4B06-A10A-789067003969}.Release|x64.ActiveCfg = Release|x64
		{A4F1B770-E78F-4B06-A10A-789067003969}.Release|x64.Build.0 = Release|x64
		{92ED68AB-D41F-463B-8816-AA0557FD2446}.Debug|x64.ActiveCfg = Debug|x64
		{92ED68AB-D41F-463B-8816-AA0557FD2446}.Debug|x64.Build.0 = Debug|x64
		{92ED68AB-D41F-463B-8816-AA0557FD2446}.Profile|x64.ActiveCfg = Profile|x64
		{92ED68AB-D41F-463B-8816-AA0557FD2446}.Profile|x64.Build.0 = Profile|x64
		{92ED68AB-D41F-463B-8816-AA0557FD2446}.Release|x64.ActiveCfg = Release|x64
		{92ED68AB-D41F-463B-8816-AA0557FD2446}.Release|x64.Build.0 = Release|x64
		{9F9805A8-748F-4ECC-AC73-F4868D4055F6}.Debug|x64.ActiveCfg = Debug|x64
		{9F9805A8-748F-4ECC-AC73-F4868D4055F6}.Debug|x64.Build.0 = Debug|x64
		{9F9805A8-748F-4ECC-AC73-F4868D4055F6}.Profile|x64.ActiveCfg = Profile|x64
		{9F9805A8-748F-4ECC-AC73-F4868D4055F6}.Profile|x64.Build.0 = Profile|x64
		{9F9805A8-748F-4ECC-AC73-F4868D4055F6}.Release|x64.ActiveCfg = Release|x64
		{9F9805A8-748F-4ECC-AC73-F4868D4055F6}.Release|x64.Build.0 = Release|x64
	EndGlobalSection
	GlobalSection(SolutionProperties) = preSolution
		HideSolutionNode = FALSE
	EndGlobalSection
	GlobalSection(NestedProjects) = preSolution
		{393C16ED-D331-4C42-B02A-4ECC84979166} = {57B6F956-6DB0-4D4F-8AED-3D6C4E38E674}
		{0191D96F-E987-4FDD-9D7A-934931E22B43} = {57B6F956-6DB0-4D4F-8AED-3D6C4E38E674}
		{F1F65E75-E655-449E-8115-186423D33147} = {57B6F956-6DB0-4D4F-8AED-3D6C4E38E674}
		{3C5AA065-2D55-46BC-A08D-903F7A6CF7A8} = {FEC6D806-4AB6-466C-9A07-BA5837A5E8D9}
		{3E3AE651-5D5D-4B7F-B94C-EFF0361E2D89} = {FEC6D806-4AB6-466C-9A07-BA5837A5E8D9}
		{A59DF03A-36EF-40DF-99C6-9A471EF7BEC3} = {FEC6D806-4AB6-466C-9A07-BA5837A5E8D9}
		{D24EA6A1-A386-4232-AB98-25541ADD75A0} = {FEC6D806-4AB6-466C-9A07-BA5837A5E8D9}
		{7747F39F-7052-4C76-9170-8D9FC3889766} = {FEC6D806-4AB6-466C-9A07-BA5837A5E8D9}
		{F0C56ED5-4625-4296-832B-678CD7776F6B} = {FEC6D806-4AB6-466C-9A07-BA5837A5E8D9}
		{0AEF81BD-B36E-4CFB-8278-9157CADC81F8} = {FEC6D806-4AB6-466C-9A07-BA5837A5E8D9}
		{8F8269DB-3B2B-4CED-AAE4-DB2B45DA367A} = {FEC6D806-4AB6-466C-9A07-BA5837A5E8D9}
		{6499A127-4962-4BDF-88A2-3D8204B2965F} = {FEC6D806-4AB6-466C-9A07-BA5837A5E8D9}
		{B95837D7-470F-490B-BF42-02307712F672} = {FEC6D806-4AB6-466C-9A07-BA5837A5E8D9}
		{41D75A2E-AD16-434B-9E87-F3F675BC8475} = {FEC6D806-4AB6-466C-9A07-BA5837A5E8D9}
		{AE027FDF-561A-40BC-B5A8-8833D11353C9} = {ABD13BB2-1195-4A15-AAB1-C6065B1E04E0}
		{13EB72DF-09B6-4C58-B4E9-BAC482D48CFA} = {FEC6D806-4AB6-466C-9A07-BA5837A5E8D9}
		{A4F1B770-E78F-4B06-A10A-789067003969} = {FEC6D806-4AB6-466C-9A07-BA5837A5E8D9}
		{92ED68AB-D41F-463B-8816-AA0557FD2446} = {FEC6D806-4AB6-466C-9A07-BA5837A5E8D9}
	EndGlobalSection
	GlobalSection(ExtensibilityGlobals) = postSolution
		SolutionGuid = {65443043-C959-42F1-8E82-FC6783996B70}
	EndGlobalSection
EndGlobal
