<?xml version="1.0" encoding="utf-8"?>
<Project ToolsVersion="4.0" xmlns="http://schemas.microsoft.com/developer/msbuild/2003">
  <ItemGroup>
    <Filter Include="misc">
      <UniqueIdentifier>{712cf23a-fe12-4477-a552-05740e8b8afa}</UniqueIdentifier>
    </Filter>
    <Filter Include="math">
      <UniqueIdentifier>{b7124d6b-da34-4438-9acc-cfc37e4c8461}</UniqueIdentifier>
    </Filter>
    <Filter Include="renderer">
      <UniqueIdentifier>{caaa0556-6ed0-49d3-afb9-eaaaa3cab6d7}</UniqueIdentifier>
    </Filter>
    <Filter Include="material">
      <UniqueIdentifier>{880ffa46-987e-40f3-9e2c-e55e2ff63125}</UniqueIdentifier>
    </Filter>
    <Filter Include="sampler">
      <UniqueIdentifier>{ef5333ac-f243-4f0d-9a28-c91b6c67d3a8}</UniqueIdentifier>
    </Filter>
    <Filter Include="camera">
      <UniqueIdentifier>{4b3bd579-26ce-4d61-bc63-be16fbbcbcb7}</UniqueIdentifier>
    </Filter>
    <Filter Include="scene">
      <UniqueIdentifier>{3b3be85f-05c1-4b45-8a1c-66aee32105cc}</UniqueIdentifier>
    </Filter>
    <Filter Include="visualizer">
      <UniqueIdentifier>{8e90b7a9-c89c-4a07-b635-aaf2196f5763}</UniqueIdentifier>
    </Filter>
    <Filter Include="hdr">
      <UniqueIdentifier>{4ed65f2c-4571-44f4-bedb-b94973d7fdd6}</UniqueIdentifier>
    </Filter>
    <Filter Include="texture">
      <UniqueIdentifier>{bff96104-0255-4157-be6a-053f128b2868}</UniqueIdentifier>
    </Filter>
    <Filter Include="shader">
      <UniqueIdentifier>{d02f9897-3ec7-49aa-afe9-076f1ccbfbef}</UniqueIdentifier>
    </Filter>
    <Filter Include="light">
      <UniqueIdentifier>{73ad43e6-957c-4167-b693-161d560e49e4}</UniqueIdentifier>
    </Filter>
    <Filter Include="posteffect">
      <UniqueIdentifier>{756ad7cc-74d7-4e3b-a087-6d4027c7a541}</UniqueIdentifier>
    </Filter>
    <Filter Include="shader\bloomeffect">
      <UniqueIdentifier>{7d011257-74d3-46a3-b33e-d87cdde6f216}</UniqueIdentifier>
    </Filter>
    <Filter Include="filter">
      <UniqueIdentifier>{64490d9c-6f13-4ebf-893d-3eb9ba99d0af}</UniqueIdentifier>
    </Filter>
    <Filter Include="filter\PracticalNoiseReduction">
      <UniqueIdentifier>{cb807cd1-c9cb-422a-bc38-5a0bda6cdd8c}</UniqueIdentifier>
    </Filter>
    <Filter Include="filter\VirtualFlashImage">
      <UniqueIdentifier>{f98c9a8a-4449-4f7a-8fb7-9137ac70c22d}</UniqueIdentifier>
    </Filter>
    <Filter Include="filter\GeometryRendering">
      <UniqueIdentifier>{b9e179d2-f6c3-40a5-b5d8-054e7c1145e1}</UniqueIdentifier>
    </Filter>
    <Filter Include="shader\filter">
      <UniqueIdentifier>{c918e933-8b6e-4c2b-bde0-32b7f83c9547}</UniqueIdentifier>
    </Filter>
    <Filter Include="proxy">
      <UniqueIdentifier>{e818a79f-f216-4883-a95c-38c597475433}</UniqueIdentifier>
    </Filter>
    <Filter Include="accelerator">
      <UniqueIdentifier>{a5eb0545-e9e3-4875-bd02-d129b358b899}</UniqueIdentifier>
    </Filter>
    <Filter Include="ui">
      <UniqueIdentifier>{e73dae04-2019-4448-a253-8fdd5eff2458}</UniqueIdentifier>
    </Filter>
    <Filter Include="ui\imgui">
      <UniqueIdentifier>{aa3cb08a-98d0-4aa4-968c-fd2f7291b94d}</UniqueIdentifier>
    </Filter>
    <Filter Include="shader\atrous">
      <UniqueIdentifier>{13bf602d-1804-4f8b-8946-2d5f580fef59}</UniqueIdentifier>
    </Filter>
    <Filter Include="shader\taa">
      <UniqueIdentifier>{bfcc2677-ea69-434a-b998-76705ca61c21}</UniqueIdentifier>
    </Filter>
    <Filter Include="geometry">
      <UniqueIdentifier>{fff5ea6b-cef6-4352-8aeb-ae964c4f5ceb}</UniqueIdentifier>
    </Filter>
    <Filter Include="shader\ssrt">
      <UniqueIdentifier>{05918011-57d5-43e3-abd9-7fa4bcc34154}</UniqueIdentifier>
    </Filter>
    <Filter Include="shader\object">
      <UniqueIdentifier>{8c8be517-9a29-48f4-bd6a-c92f969a9771}</UniqueIdentifier>
    </Filter>
    <Filter Include="deformable">
      <UniqueIdentifier>{196027d5-057a-43f0-8728-e47d3d66694f}</UniqueIdentifier>
    </Filter>
    <Filter Include="deformable\mesh">
      <UniqueIdentifier>{00a15125-d658-4ee2-9c9b-c86c7afc11de}</UniqueIdentifier>
    </Filter>
    <Filter Include="deformable\skeleton">
      <UniqueIdentifier>{53d6b552-e655-4135-a485-b381031d1f3b}</UniqueIdentifier>
    </Filter>
    <Filter Include="shader\skinning">
      <UniqueIdentifier>{aabe0fc2-f92a-456b-b5e9-11900c8d80fa}</UniqueIdentifier>
    </Filter>
    <Filter Include="deformable\animation">
      <UniqueIdentifier>{b1ecd5d9-b04b-4e91-9289-27243b4bd435}</UniqueIdentifier>
    </Filter>
    <Filter Include="system">
      <UniqueIdentifier>{4edb64a1-5f78-49a9-b1e5-94c410785824}</UniqueIdentifier>
    </Filter>
  </ItemGroup>
  <ItemGroup>
    <ClInclude Include="..\src\libaten\misc\timer.h">
      <Filter>misc</Filter>
    </ClInclude>
    <ClInclude Include="..\src\libaten\types.h" />
    <ClInclude Include="..\src\libaten\defs.h" />
    <ClInclude Include="..\src\libaten\math\vec3.h">
      <Filter>math</Filter>
    </ClInclude>
    <ClInclude Include="..\src\libaten\math\math.h">
      <Filter>math</Filter>
    </ClInclude>
    <ClInclude Include="..\src\libaten\material\material.h">
      <Filter>material</Filter>
    </ClInclude>
    <ClInclude Include="..\src\libaten\material\emissive.h">
      <Filter>material</Filter>
    </ClInclude>
    <ClInclude Include="..\src\libaten\sampler\xorshift.h">
      <Filter>sampler</Filter>
    </ClInclude>
    <ClInclude Include="..\src\libaten\camera\pinhole.h">
      <Filter>camera</Filter>
    </ClInclude>
    <ClInclude Include="..\src\libaten\camera\camera.h">
      <Filter>camera</Filter>
    </ClInclude>
    <ClInclude Include="..\src\libaten\scene\scene.h">
      <Filter>scene</Filter>
    </ClInclude>
    <ClInclude Include="..\src\libaten\visualizer\visualizer.h">
      <Filter>visualizer</Filter>
    </ClInclude>
    <ClInclude Include="..\src\libaten\visualizer\window.h">
      <Filter>visualizer</Filter>
    </ClInclude>
    <ClInclude Include="..\src\libaten\hdr\hdr.h">
      <Filter>hdr</Filter>
    </ClInclude>
    <ClInclude Include="..\src\libaten\hdr\tonemap.h">
      <Filter>hdr</Filter>
    </ClInclude>
    <ClInclude Include="..\src\libaten\misc\color.h">
      <Filter>misc</Filter>
    </ClInclude>
    <ClInclude Include="..\src\libaten\renderer\raytracing.h">
      <Filter>renderer</Filter>
    </ClInclude>
    <ClInclude Include="..\src\libaten\renderer\pathtracing.h">
      <Filter>renderer</Filter>
    </ClInclude>
    <ClInclude Include="..\src\libaten\renderer\renderer.h">
      <Filter>renderer</Filter>
    </ClInclude>
    <ClInclude Include="..\src\libaten\material\specular.h">
      <Filter>material</Filter>
    </ClInclude>
    <ClInclude Include="..\src\libaten\texture\texture.h">
      <Filter>texture</Filter>
    </ClInclude>
    <ClInclude Include="..\src\libaten\renderer\background.h">
      <Filter>renderer</Filter>
    </ClInclude>
    <ClInclude Include="..\src\libaten\renderer\envmap.h">
      <Filter>renderer</Filter>
    </ClInclude>
    <ClInclude Include="..\src\libaten\material\refraction.h">
      <Filter>material</Filter>
    </ClInclude>
    <ClInclude Include="..\src\libaten\visualizer\shader.h">
      <Filter>visualizer</Filter>
    </ClInclude>
    <ClInclude Include="..\src\libaten\scene\hitable.h">
      <Filter>scene</Filter>
    </ClInclude>
    <ClInclude Include="..\src\libaten\math\intersect.h">
      <Filter>math</Filter>
    </ClInclude>
    <ClInclude Include="..\src\libaten\math\ray.h">
      <Filter>math</Filter>
    </ClInclude>
    <ClInclude Include="..\src\libaten\material\lambert.h">
      <Filter>material</Filter>
    </ClInclude>
    <ClInclude Include="..\src\libaten\material\blinn.h">
      <Filter>material</Filter>
    </ClInclude>
    <ClInclude Include="..\src\libaten\material\ggx.h">
      <Filter>material</Filter>
    </ClInclude>
    <ClInclude Include="..\src\libaten\material\beckman.h">
      <Filter>material</Filter>
    </ClInclude>
    <ClInclude Include="..\src\libaten\camera\thinlens.h">
      <Filter>camera</Filter>
    </ClInclude>
    <ClInclude Include="..\src\libaten\sampler\halton.h">
      <Filter>sampler</Filter>
    </ClInclude>
    <ClInclude Include="..\src\libaten\sampler\sobol.h">
      <Filter>sampler</Filter>
    </ClInclude>
    <ClInclude Include="..\src\libaten\sampler\sobolproxy.h">
      <Filter>sampler</Filter>
    </ClInclude>
    <ClInclude Include="..\src\libaten\light\light.h">
      <Filter>light</Filter>
    </ClInclude>
    <ClInclude Include="..\src\libaten\light\pointlight.h">
      <Filter>light</Filter>
    </ClInclude>
    <ClInclude Include="..\src\libaten\light\directionallight.h">
      <Filter>light</Filter>
    </ClInclude>
    <ClInclude Include="..\src\libaten\light\arealight.h">
      <Filter>light</Filter>
    </ClInclude>
    <ClInclude Include="..\src\libaten\light\spotlight.h">
      <Filter>light</Filter>
    </ClInclude>
    <ClInclude Include="..\src\libaten\light\ibl.h">
      <Filter>light</Filter>
    </ClInclude>
    <ClInclude Include="..\src\libaten\visualizer\atengl.h">
      <Filter>visualizer</Filter>
    </ClInclude>
    <ClInclude Include="..\src\libaten\visualizer\fbo.h">
      <Filter>visualizer</Filter>
    </ClInclude>
    <ClInclude Include="..\src\libaten\visualizer\blitter.h">
      <Filter>visualizer</Filter>
    </ClInclude>
    <ClInclude Include="..\src\libaten\visualizer\MultiPassPostProc.h">
      <Filter>visualizer</Filter>
    </ClInclude>
    <ClInclude Include="..\src\libaten\posteffect\BloomEffect.h">
      <Filter>posteffect</Filter>
    </ClInclude>
    <ClInclude Include="..\src\libaten\renderer\erpt.h">
      <Filter>renderer</Filter>
    </ClInclude>
    <ClInclude Include="..\src\libaten\renderer\pssmlt.h">
      <Filter>renderer</Filter>
    </ClInclude>
    <ClInclude Include="..\src\libaten\hdr\gamma.h">
      <Filter>hdr</Filter>
    </ClInclude>
    <ClInclude Include="..\src\libaten\material\disney_brdf.h">
      <Filter>material</Filter>
    </ClInclude>
    <ClInclude Include="..\src\libaten\math\mat4.h">
      <Filter>math</Filter>
    </ClInclude>
    <ClInclude Include="..\src\libaten\visualizer\pixelformat.h">
      <Filter>visualizer</Filter>
    </ClInclude>
    <ClInclude Include="..\src\libaten\misc\value.h">
      <Filter>misc</Filter>
    </ClInclude>
    <ClInclude Include="..\src\libaten\math\vec4.h">
      <Filter>math</Filter>
    </ClInclude>
    <ClInclude Include="..\src\libaten\material\oren_nayar.h">
      <Filter>material</Filter>
    </ClInclude>
    <ClInclude Include="..\src\libaten\material\layer.h">
      <Filter>material</Filter>
    </ClInclude>
    <ClInclude Include="..\src\libaten\material\toon.h">
      <Filter>material</Filter>
    </ClInclude>
    <ClInclude Include="..\src\libaten\renderer\nonphotoreal.h">
      <Filter>renderer</Filter>
    </ClInclude>
    <ClInclude Include="..\src\libaten\scene\instance.h">
      <Filter>scene</Filter>
    </ClInclude>
    <ClInclude Include="..\src\libaten\filter\bilateral.h">
      <Filter>filter</Filter>
    </ClInclude>
    <ClInclude Include="..\src\libaten\filter\nlm.h">
      <Filter>filter</Filter>
    </ClInclude>
    <ClInclude Include="..\src\libaten\filter\VirtualFlashImage\VirtualFlashImage.h">
      <Filter>filter\VirtualFlashImage</Filter>
    </ClInclude>
    <ClInclude Include="..\src\libaten\filter\PracticalNoiseReduction\PracticalNoiseReductionBilateral.h">
      <Filter>filter\PracticalNoiseReduction</Filter>
    </ClInclude>
    <ClInclude Include="..\src\libaten\filter\PracticalNoiseReduction\PracticalNoiseReduction.h">
      <Filter>filter\PracticalNoiseReduction</Filter>
    </ClInclude>
    <ClInclude Include="..\src\libaten\filter\GeometryRendering\GeometryRendering.h">
      <Filter>filter\GeometryRendering</Filter>
    </ClInclude>
    <ClInclude Include="..\src\libaten\camera\equirect.h">
      <Filter>camera</Filter>
    </ClInclude>
    <ClInclude Include="..\src\libaten\renderer\film.h">
      <Filter>renderer</Filter>
    </ClInclude>
    <ClInclude Include="..\src\libaten\misc\stream.h">
      <Filter>misc</Filter>
    </ClInclude>
    <ClInclude Include="..\src\libaten\math\aabb.h">
      <Filter>math</Filter>
    </ClInclude>
    <ClInclude Include="..\src\libaten\aten.h" />
    <ClInclude Include="..\src\libaten\aten_namespace.h" />
    <ClInclude Include="..\src\libaten\proxy\DataCollector.h">
      <Filter>proxy</Filter>
    </ClInclude>
    <ClInclude Include="..\src\libaten\accelerator\bvh.h">
      <Filter>accelerator</Filter>
    </ClInclude>
    <ClInclude Include="..\src\libaten\accelerator\accelerator.h">
      <Filter>accelerator</Filter>
    </ClInclude>
    <ClInclude Include="..\src\libaten\renderer\bdpt.h">
      <Filter>renderer</Filter>
    </ClInclude>
    <ClInclude Include="..\src\libaten\sampler\wanghash.h">
      <Filter>sampler</Filter>
    </ClInclude>
    <ClInclude Include="..\src\libaten\aten_virtual.h" />
    <ClInclude Include="..\src\libaten\sampler\samplerinterface.h">
      <Filter>sampler</Filter>
    </ClInclude>
    <ClInclude Include="..\src\libaten\sampler\sampler.h">
      <Filter>sampler</Filter>
    </ClInclude>
    <ClInclude Include="..\src\libaten\camera\CameraOperator.h">
      <Filter>camera</Filter>
    </ClInclude>
    <ClInclude Include="..\src\libaten\ui\imgui_impl_glfw_gl3.h">
      <Filter>ui</Filter>
    </ClInclude>
    <ClInclude Include="..\3rdparty\imgui\imconfig.h">
      <Filter>ui\imgui</Filter>
    </ClInclude>
    <ClInclude Include="..\3rdparty\imgui\imgui.h">
      <Filter>ui\imgui</Filter>
    </ClInclude>
    <ClInclude Include="..\3rdparty\imgui\imgui_internal.h">
      <Filter>ui\imgui</Filter>
    </ClInclude>
    <ClInclude Include="..\src\libaten\material\sample_texture.h">
      <Filter>material</Filter>
    </ClInclude>
    <ClInclude Include="..\src\libaten\renderer\aov.h">
      <Filter>renderer</Filter>
    </ClInclude>
    <ClInclude Include="..\src\libaten\renderer\directlight.h">
      <Filter>renderer</Filter>
    </ClInclude>
    <ClInclude Include="..\src\libaten\filter\taa.h">
      <Filter>filter</Filter>
    </ClInclude>
    <ClInclude Include="..\src\libaten\sampler\cmj.h">
      <Filter>sampler</Filter>
    </ClInclude>
    <ClInclude Include="..\src\libaten\math\vec2.h">
      <Filter>math</Filter>
    </ClInclude>
    <ClInclude Include="..\src\libaten\filter\atrous.h">
      <Filter>filter</Filter>
    </ClInclude>
    <ClInclude Include="..\src\libaten\accelerator\qbvh.h">
      <Filter>accelerator</Filter>
    </ClInclude>
    <ClInclude Include="..\src\libaten\accelerator\threaded_bvh.h">
      <Filter>accelerator</Filter>
    </ClInclude>
    <ClInclude Include="..\src\libaten\accelerator\GpuPayloadDefs.h">
      <Filter>accelerator</Filter>
    </ClInclude>
    <ClInclude Include="..\src\libaten\accelerator\stackless_bvh.h">
      <Filter>accelerator</Filter>
    </ClInclude>
    <ClInclude Include="..\src\libaten\accelerator\stackless_qbvh.h">
      <Filter>accelerator</Filter>
    </ClInclude>
    <ClInclude Include="..\src\libaten\math\frustum.h">
      <Filter>math</Filter>
    </ClInclude>
    <ClInclude Include="..\src\libaten\geometry\geombase.h">
      <Filter>geometry</Filter>
    </ClInclude>
    <ClInclude Include="..\src\libaten\geometry\geomparam.h">
      <Filter>geometry</Filter>
    </ClInclude>
    <ClInclude Include="..\src\libaten\geometry\object.h">
      <Filter>geometry</Filter>
    </ClInclude>
    <ClInclude Include="..\src\libaten\geometry\sphere.h">
      <Filter>geometry</Filter>
    </ClInclude>
    <ClInclude Include="..\src\libaten\geometry\vertex.h">
      <Filter>geometry</Filter>
    </ClInclude>
    <ClInclude Include="..\src\libaten\geometry\cube.h">
      <Filter>geometry</Filter>
    </ClInclude>
    <ClInclude Include="..\src\libaten\geometry\face.h">
      <Filter>geometry</Filter>
    </ClInclude>
    <ClInclude Include="..\src\libaten\geometry\objshape.h">
      <Filter>geometry</Filter>
    </ClInclude>
    <ClInclude Include="..\src\libaten\visualizer\GeomDataBuffer.h">
      <Filter>visualizer</Filter>
    </ClInclude>
    <ClInclude Include="..\src\libaten\visualizer\RasterizeRenderer.h">
      <Filter>visualizer</Filter>
    </ClInclude>
    <ClInclude Include="..\src\libaten\accelerator\sbvh.h">
      <Filter>accelerator</Filter>
    </ClInclude>
    <ClInclude Include="..\src\libaten\misc\omputil.h">
      <Filter>misc</Filter>
    </ClInclude>
    <ClInclude Include="..\src\libaten\misc\thread.h">
      <Filter>misc</Filter>
    </ClInclude>
    <ClInclude Include="..\src\libaten\visualizer\GLProfiler.h">
      <Filter>visualizer</Filter>
    </ClInclude>
    <ClInclude Include="..\src\libaten\math\quaternion.h">
      <Filter>math</Filter>
    </ClInclude>
    <ClInclude Include="..\src\libaten\misc\key.h">
      <Filter>misc</Filter>
    </ClInclude>
    <ClInclude Include="..\src\libaten\deformable\MDLFormat.h">
      <Filter>deformable</Filter>
    </ClInclude>
    <ClInclude Include="..\src\libaten\deformable\DeformMeshSet.h">
      <Filter>deformable\mesh</Filter>
    </ClInclude>
    <ClInclude Include="..\src\libaten\deformable\DeformPrimitives.h">
      <Filter>deformable\mesh</Filter>
    </ClInclude>
    <ClInclude Include="..\src\libaten\deformable\DeformMeshGroup.h">
      <Filter>deformable\mesh</Filter>
    </ClInclude>
    <ClInclude Include="..\src\libaten\deformable\DeformMesh.h">
      <Filter>deformable\mesh</Filter>
    </ClInclude>
    <ClInclude Include="..\src\libaten\deformable\Skeleton.h">
      <Filter>deformable\skeleton</Filter>
    </ClInclude>
    <ClInclude Include="..\src\libaten\misc\bitflag.h">
      <Filter>misc</Filter>
    </ClInclude>
    <ClInclude Include="..\src\libaten\deformable\SKLFormat.h">
      <Filter>deformable\skeleton</Filter>
    </ClInclude>
    <ClInclude Include="..\src\libaten\deformable\MSHFormat.h">
      <Filter>deformable\mesh</Filter>
    </ClInclude>
    <ClInclude Include="..\src\libaten\deformable\deformable.h">
      <Filter>deformable</Filter>
    </ClInclude>
    <ClInclude Include="..\src\libaten\deformable\DeformAnimation.h">
      <Filter>deformable\animation</Filter>
    </ClInclude>
    <ClInclude Include="..\src\libaten\deformable\DeformAnimationInterp.h">
      <Filter>deformable\animation</Filter>
    </ClInclude>
    <ClInclude Include="..\src\libaten\misc\timeline.h">
      <Filter>misc</Filter>
    </ClInclude>
    <ClInclude Include="..\src\libaten\material\carpaint.h">
      <Filter>material</Filter>
    </ClInclude>
    <ClInclude Include="..\src\libaten\material\FlakesNormal.h">
      <Filter>material</Filter>
    </ClInclude>
    <ClInclude Include="..\src\libaten\deformable\SkinningVertex.h">
      <Filter>deformable</Filter>
    </ClInclude>
    <ClInclude Include="..\src\libaten\os\system.h">
      <Filter>system</Filter>
    </ClInclude>
    <ClInclude Include="..\src\libaten\deformable\ANMFormat.h">
      <Filter>deformable\animation</Filter>
    </ClInclude>
    <ClInclude Include="..\src\libaten\geometry\transformable.h">
      <Filter>geometry</Filter>
    </ClInclude>
    <ClInclude Include="..\src\libaten\material\velvet.h">
      <Filter>material</Filter>
    </ClInclude>
    <ClInclude Include="..\src\libaten\material\lambert_refraction.h">
      <Filter>material</Filter>
    </ClInclude>
    <ClInclude Include="..\src\libaten\material\microfacet_refraction.h">
      <Filter>material</Filter>
    </ClInclude>
    <ClInclude Include="..\src\libaten\scene\context.h">
      <Filter>scene</Filter>
    </ClInclude>
    <ClInclude Include="..\src\libaten\misc\datalist.h">
      <Filter>misc</Filter>
    </ClInclude>
    <ClInclude Include="..\src\libaten\material\material_factory.h">
      <Filter>material</Filter>
    </ClInclude>
    <ClInclude Include="..\src\libaten\geometry\transformable_factory.h">
      <Filter>geometry</Filter>
    </ClInclude>
  </ItemGroup>
  <ItemGroup>
    <ClCompile Include="..\src\libaten\visualizer\visualizer.cpp">
      <Filter>visualizer</Filter>
    </ClCompile>
    <ClCompile Include="..\src\libaten\visualizer\window.cpp">
      <Filter>visualizer</Filter>
    </ClCompile>
    <ClCompile Include="..\src\libaten\hdr\hdr.cpp">
      <Filter>hdr</Filter>
    </ClCompile>
    <ClCompile Include="..\src\libaten\hdr\tonemap.cpp">
      <Filter>hdr</Filter>
    </ClCompile>
    <ClCompile Include="..\src\libaten\material\specular.cpp">
      <Filter>material</Filter>
    </ClCompile>
    <ClCompile Include="..\src\libaten\renderer\envmap.cpp">
      <Filter>renderer</Filter>
    </ClCompile>
    <ClCompile Include="..\src\libaten\material\refraction.cpp">
      <Filter>material</Filter>
    </ClCompile>
    <ClCompile Include="..\src\libaten\visualizer\shader.cpp">
      <Filter>visualizer</Filter>
    </ClCompile>
    <ClCompile Include="..\src\libaten\material\blinn.cpp">
      <Filter>material</Filter>
    </ClCompile>
    <ClCompile Include="..\src\libaten\material\material.cpp">
      <Filter>material</Filter>
    </ClCompile>
    <ClCompile Include="..\src\libaten\material\ggx.cpp">
      <Filter>material</Filter>
    </ClCompile>
    <ClCompile Include="..\src\libaten\material\beckman.cpp">
      <Filter>material</Filter>
    </ClCompile>
    <ClCompile Include="..\src\libaten\camera\thinlens.cpp">
      <Filter>camera</Filter>
    </ClCompile>
    <ClCompile Include="..\src\libaten\sampler\halton.cpp">
      <Filter>sampler</Filter>
    </ClCompile>
    <ClCompile Include="..\src\libaten\sampler\sobol.cpp">
      <Filter>sampler</Filter>
    </ClCompile>
    <ClCompile Include="..\src\libaten\scene\scene.cpp">
      <Filter>scene</Filter>
    </ClCompile>
    <ClCompile Include="..\src\libaten\light\ibl.cpp">
      <Filter>light</Filter>
    </ClCompile>
    <ClCompile Include="..\src\libaten\visualizer\fbo.cpp">
      <Filter>visualizer</Filter>
    </ClCompile>
    <ClCompile Include="..\src\libaten\misc\color.cpp">
      <Filter>misc</Filter>
    </ClCompile>
    <ClCompile Include="..\src\libaten\visualizer\blitter.cpp">
      <Filter>visualizer</Filter>
    </ClCompile>
    <ClCompile Include="..\src\libaten\visualizer\MultiPassPostProc.cpp">
      <Filter>visualizer</Filter>
    </ClCompile>
    <ClCompile Include="..\src\libaten\posteffect\BloomEffect.cpp">
      <Filter>posteffect</Filter>
    </ClCompile>
    <ClCompile Include="..\src\libaten\renderer\erpt.cpp">
      <Filter>renderer</Filter>
    </ClCompile>
    <ClCompile Include="..\src\libaten\renderer\pssmlt.cpp">
      <Filter>renderer</Filter>
    </ClCompile>
    <ClCompile Include="..\src\libaten\hdr\gamma.cpp">
      <Filter>hdr</Filter>
    </ClCompile>
    <ClCompile Include="..\src\libaten\material\disney_brdf.cpp">
      <Filter>material</Filter>
    </ClCompile>
    <ClCompile Include="..\src\libaten\math\mat4.cpp">
      <Filter>math</Filter>
    </ClCompile>
    <ClCompile Include="..\src\libaten\material\oren_nayar.cpp">
      <Filter>material</Filter>
    </ClCompile>
    <ClCompile Include="..\src\libaten\material\layer.cpp">
      <Filter>material</Filter>
    </ClCompile>
    <ClCompile Include="..\src\libaten\material\toon.cpp">
      <Filter>material</Filter>
    </ClCompile>
    <ClCompile Include="..\src\libaten\renderer\nonphotoreal.cpp">
      <Filter>renderer</Filter>
    </ClCompile>
    <ClCompile Include="..\src\libaten\scene\hitable.cpp">
      <Filter>scene</Filter>
    </ClCompile>
    <ClCompile Include="..\src\libaten\filter\nlm.cpp">
      <Filter>filter</Filter>
    </ClCompile>
    <ClCompile Include="..\src\libaten\filter\bilateral.cpp">
      <Filter>filter</Filter>
    </ClCompile>
    <ClCompile Include="..\src\libaten\filter\VirtualFlashImage\VirtualFlashImage.cpp">
      <Filter>filter\VirtualFlashImage</Filter>
    </ClCompile>
    <ClCompile Include="..\src\libaten\filter\PracticalNoiseReduction\PracticalNoiseReductionBilateral.cpp">
      <Filter>filter\PracticalNoiseReduction</Filter>
    </ClCompile>
    <ClCompile Include="..\src\libaten\filter\PracticalNoiseReduction\PracticalNoiseReduction.cpp">
      <Filter>filter\PracticalNoiseReduction</Filter>
    </ClCompile>
    <ClCompile Include="..\src\libaten\filter\GeometryRendering\GeometryRendering.cpp">
      <Filter>filter\GeometryRendering</Filter>
    </ClCompile>
    <ClCompile Include="..\src\libaten\camera\equirect.cpp">
      <Filter>camera</Filter>
    </ClCompile>
    <ClCompile Include="..\src\libaten\renderer\film.cpp">
      <Filter>renderer</Filter>
    </ClCompile>
    <ClCompile Include="..\src\libaten\light\light.cpp">
      <Filter>light</Filter>
    </ClCompile>
    <ClCompile Include="..\src\libaten\light\arealight.cpp">
      <Filter>light</Filter>
    </ClCompile>
    <ClCompile Include="..\src\libaten\proxy\DataCollector.cpp">
      <Filter>proxy</Filter>
    </ClCompile>
    <ClCompile Include="..\src\libaten\accelerator\bvh.cpp">
      <Filter>accelerator</Filter>
    </ClCompile>
    <ClCompile Include="..\src\libaten\renderer\bdpt.cpp">
      <Filter>renderer</Filter>
    </ClCompile>
    <ClCompile Include="..\src\libaten\sampler\sampler.cpp">
      <Filter>sampler</Filter>
    </ClCompile>
    <ClCompile Include="..\src\libaten\camera\CameraOperator.cpp">
      <Filter>camera</Filter>
    </ClCompile>
    <ClCompile Include="..\src\libaten\ui\imgui_impl_glfw_gl3.cpp">
      <Filter>ui</Filter>
    </ClCompile>
    <ClCompile Include="..\3rdparty\imgui\imgui.cpp">
      <Filter>ui\imgui</Filter>
    </ClCompile>
    <ClCompile Include="..\3rdparty\imgui\imgui_draw.cpp">
      <Filter>ui\imgui</Filter>
    </ClCompile>
    <ClCompile Include="..\src\libaten\texture\texture.cpp">
      <Filter>texture</Filter>
    </ClCompile>
    <ClCompile Include="..\src\libaten\renderer\aov.cpp">
      <Filter>renderer</Filter>
    </ClCompile>
    <ClCompile Include="..\src\libaten\renderer\directlight.cpp">
      <Filter>renderer</Filter>
    </ClCompile>
    <ClCompile Include="..\src\libaten\filter\taa.cpp">
      <Filter>filter</Filter>
    </ClCompile>
    <ClCompile Include="..\src\libaten\filter\atrous.cpp">
      <Filter>filter</Filter>
    </ClCompile>
    <ClCompile Include="..\src\libaten\accelerator\accelerator.cpp">
      <Filter>accelerator</Filter>
    </ClCompile>
    <ClCompile Include="..\src\libaten\accelerator\qbvh.cpp">
      <Filter>accelerator</Filter>
    </ClCompile>
    <ClCompile Include="..\src\libaten\accelerator\threaded_bvh.cpp">
      <Filter>accelerator</Filter>
    </ClCompile>
    <ClCompile Include="..\src\libaten\accelerator\stackless_bvh.cpp">
      <Filter>accelerator</Filter>
    </ClCompile>
    <ClCompile Include="..\src\libaten\accelerator\stackless_qbvh.cpp">
      <Filter>accelerator</Filter>
    </ClCompile>
    <ClCompile Include="..\src\libaten\geometry\object.cpp">
      <Filter>geometry</Filter>
    </ClCompile>
    <ClCompile Include="..\src\libaten\geometry\sphere.cpp">
      <Filter>geometry</Filter>
    </ClCompile>
    <ClCompile Include="..\src\libaten\geometry\vertex.cpp">
      <Filter>geometry</Filter>
    </ClCompile>
    <ClCompile Include="..\src\libaten\geometry\cube.cpp">
      <Filter>geometry</Filter>
    </ClCompile>
    <ClCompile Include="..\src\libaten\geometry\geombase.cpp">
      <Filter>geometry</Filter>
    </ClCompile>
    <ClCompile Include="..\src\libaten\geometry\objshape.cpp">
      <Filter>geometry</Filter>
    </ClCompile>
    <ClCompile Include="..\src\libaten\geometry\face.cpp">
      <Filter>geometry</Filter>
    </ClCompile>
    <ClCompile Include="..\src\libaten\visualizer\GeomDataBuffer.cpp">
      <Filter>visualizer</Filter>
    </ClCompile>
    <ClCompile Include="..\src\libaten\visualizer\RasterizeRenderer.cpp">
      <Filter>visualizer</Filter>
    </ClCompile>
    <ClCompile Include="..\src\libaten\accelerator\sbvh.cpp">
      <Filter>accelerator</Filter>
    </ClCompile>
    <ClCompile Include="..\src\libaten\misc\omputil.cpp">
      <Filter>misc</Filter>
    </ClCompile>
    <ClCompile Include="..\src\libaten\misc\thread.cpp">
      <Filter>misc</Filter>
    </ClCompile>
    <ClCompile Include="..\src\libaten\visualizer\GLProfiler.cpp">
      <Filter>visualizer</Filter>
    </ClCompile>
    <ClCompile Include="..\src\libaten\accelerator\sbvh_voxel.cpp">
      <Filter>accelerator</Filter>
    </ClCompile>
    <ClCompile Include="..\src\libaten\deformable\DeformMeshSet.cpp">
      <Filter>deformable\mesh</Filter>
    </ClCompile>
    <ClCompile Include="..\src\libaten\deformable\DeformPrimitives.cpp">
      <Filter>deformable\mesh</Filter>
    </ClCompile>
    <ClCompile Include="..\src\libaten\deformable\DeformMeshGroup.cpp">
      <Filter>deformable\mesh</Filter>
    </ClCompile>
    <ClCompile Include="..\src\libaten\deformable\DeformMesh.cpp">
      <Filter>deformable\mesh</Filter>
    </ClCompile>
    <ClCompile Include="..\src\libaten\deformable\Skeleton.cpp">
      <Filter>deformable\skeleton</Filter>
    </ClCompile>
    <ClCompile Include="..\src\libaten\deformable\deformable.cpp">
      <Filter>deformable</Filter>
    </ClCompile>
    <ClCompile Include="..\src\libaten\deformable\DeformAnimation.cpp">
      <Filter>deformable\animation</Filter>
    </ClCompile>
    <ClCompile Include="..\src\libaten\deformable\DeformAnimationInterp.cpp">
      <Filter>deformable\animation</Filter>
    </ClCompile>
    <ClCompile Include="..\src\libaten\misc\timeline.cpp">
      <Filter>misc</Filter>
    </ClCompile>
    <ClCompile Include="..\src\libaten\accelerator\bvh_update.cpp">
      <Filter>accelerator</Filter>
    </ClCompile>
    <ClCompile Include="..\src\libaten\material\carpaint.cpp">
      <Filter>material</Filter>
    </ClCompile>
    <ClCompile Include="..\src\libaten\material\FlakesNormal.cpp">
      <Filter>material</Filter>
    </ClCompile>
    <ClCompile Include="..\src\libaten\os\linux\misc\timer_linux.cpp">
      <Filter>misc</Filter>
    </ClCompile>
    <ClCompile Include="..\src\libaten\os\windows\misc\timer_windows.cpp">
      <Filter>misc</Filter>
    </ClCompile>
    <ClCompile Include="..\src\libaten\renderer\pathtracing.cpp">
      <Filter>renderer</Filter>
    </ClCompile>
    <ClCompile Include="..\src\libaten\renderer\raytracing.cpp">
      <Filter>renderer</Filter>
    </ClCompile>
    <ClCompile Include="..\src\libaten\camera\pinhole.cpp">
      <Filter>camera</Filter>
    </ClCompile>
    <ClCompile Include="..\src\libaten\os\windows\system_windows.cpp">
      <Filter>system</Filter>
    </ClCompile>
    <ClCompile Include="..\src\libaten\os\linux\system_linux.cpp">
      <Filter>system</Filter>
    </ClCompile>
    <ClCompile Include="..\src\libaten\geometry\transformable.cpp">
      <Filter>geometry</Filter>
    </ClCompile>
    <ClCompile Include="..\src\libaten\material\velvet.cpp">
      <Filter>material</Filter>
    </ClCompile>
    <ClCompile Include="..\src\libaten\material\microfacet_refraction.cpp">
      <Filter>material</Filter>
    </ClCompile>
    <ClCompile Include="..\src\libaten\material\lambert_refraction.cpp">
      <Filter>material</Filter>
    </ClCompile>
    <ClCompile Include="..\src\libaten\scene\context.cpp">
      <Filter>scene</Filter>
    </ClCompile>
    <ClCompile Include="..\src\libaten\material\material_factory.cpp">
      <Filter>material</Filter>
    </ClCompile>
  </ItemGroup>
  <ItemGroup>
    <None Include="..\src\shader\tonemap_fs.glsl">
      <Filter>shader</Filter>
    </None>
    <None Include="..\src\shader\bilateral_fs.glsl">
      <Filter>shader\filter</Filter>
    </None>
    <None Include="..\src\shader\bloomeffect_fs_Gauss.glsl">
      <Filter>shader\bloomeffect</Filter>
    </None>
    <None Include="..\src\shader\bloomeffect_fs_HBlur.glsl">
      <Filter>shader\bloomeffect</Filter>
    </None>
    <None Include="..\src\shader\bloomeffect_fs_VBlur.glsl">
      <Filter>shader\bloomeffect</Filter>
    </None>
    <None Include="..\src\shader\bloomeffect_fs_2x2.glsl">
      <Filter>shader\bloomeffect</Filter>
    </None>
    <None Include="..\src\shader\bloomeffect_fs_4x4.glsl">
      <Filter>shader\bloomeffect</Filter>
    </None>
    <None Include="..\src\shader\bloomeffect_fs_Final.glsl">
      <Filter>shader\bloomeffect</Filter>
    </None>
    <None Include="..\src\shader\gamma_fs.glsl">
      <Filter>shader</Filter>
    </None>
    <None Include="..\src\shader\nlm_fs.glsl">
      <Filter>shader\filter</Filter>
    </None>
    <None Include="..\src\libaten\filter\VirtualFlashImage\t_table.dat">
      <Filter>filter\VirtualFlashImage</Filter>
    </None>
    <None Include="..\src\shader\atrous_final_fs.glsl">
      <Filter>shader\atrous</Filter>
    </None>
    <None Include="..\src\shader\atrous_fs.glsl">
      <Filter>shader\atrous</Filter>
    </None>
    <None Include="..\src\shader\taa_fs.glsl">
      <Filter>shader\taa</Filter>
    </None>
    <None Include="..\src\shader\taa_final_fs.glsl">
      <Filter>shader\taa</Filter>
    </None>
    <None Include="..\src\shader\ssrt_fs.glsl">
      <Filter>shader\ssrt</Filter>
    </None>
    <None Include="..\src\shader\ssrt_vs.glsl">
      <Filter>shader\ssrt</Filter>
    </None>
    <None Include="..\src\shader\ssrt_gs.glsl">
      <Filter>shader\ssrt</Filter>
    </None>
    <None Include="..\src\shader\simple3d_fs.glsl">
      <Filter>shader</Filter>
    </None>
    <None Include="..\src\shader\simple3d_vs.glsl">
      <Filter>shader</Filter>
    </None>
    <None Include="..\src\shader\fullscreen_vs.glsl">
      <Filter>shader</Filter>
    </None>
    <None Include="..\src\shader\fullscreen_fs.glsl">
      <Filter>shader</Filter>
    </None>
    <None Include="..\src\shader\drawobj_vs.glsl">
      <Filter>shader\object</Filter>
    </None>
    <None Include="..\src\shader\drawobj_fs.glsl">
      <Filter>shader\object</Filter>
    </None>
    <None Include="..\src\shader\skinning_fs.glsl">
      <Filter>shader\skinning</Filter>
    </None>
    <None Include="..\src\shader\skinning_vs.glsl">
      <Filter>shader\skinning</Filter>
    </None>
    <None Include="..\src\shader\srgb_fs.glsl">
      <Filter>shader</Filter>
    </None>
  </ItemGroup>
</Project>