<?xml version="1.0" encoding="utf-8"?>
<Project ToolsVersion="4.0" xmlns="http://schemas.microsoft.com/developer/msbuild/2003">
  <ItemGroup>
    <ClCompile Include="..\src\SceneMaterialEditor\main.cpp" />
    <ClCompile Include="..\src\SceneMaterialEditor\MaterialEditWindow.cpp" />
    <ClCompile Include="..\src\SceneMaterialEditor\MaterialSelectWindow.cpp" />
  </ItemGroup>
  <ItemGroup>
    <Filter Include="shader">
      <UniqueIdentifier>{d494329b-6d48-4587-a5de-9e025facd554}</UniqueIdentifier>
    </Filter>
  </ItemGroup>
  <ItemGroup>
    <None Include="..\src\SceneMaterialEditor\drawobj_fs.glsl">
      <Filter>shader</Filter>
    </None>
    <None Include="..\src\SceneMaterialEditor\drawobj_vs.glsl">
      <Filter>shader</Filter>
    </None>
  </ItemGroup>
  <ItemGroup>
    <ClInclude Include="..\src\SceneMaterialEditor\MaterialEditWindow.h" />
    <ClInclude Include="..\src\SceneMaterialEditor\MaterialSelectWindow.h" />
  </ItemGroup>
</Project>